
Microsoft Visual Studio Solution File, Format Version 12.00
# Visual Studio 15
VisualStudioVersion = 15.0.28307.102
MinimumVisualStudioVersion = 10.0.40219.1
Project("{2150E333-8FDC-42A3-9474-1A3956D46DE8}") = "01-Presentation", "01-Presentation", "{14B6317B-EC96-486F-8409-2CF7770C8DFF}"
EndProject
Project("{2150E333-8FDC-42A3-9474-1A3956D46DE8}") = "02-Application", "02-Application", "{7D43D87E-B20D-4599-8540-B7BE3DD30F7C}"
EndProject
Project("{2150E333-8FDC-42A3-9474-1A3956D46DE8}") = "03-Service", "03-Service", "{3EEE9163-898C-47F7-ADDF-4424253C9B33}"
EndProject
Project("{2150E333-8FDC-42A3-9474-1A3956D46DE8}") = "04-Domain", "04-Domain", "{7DF7F0D1-776E-463C-99AE-74619942604A}"
EndProject
Project("{2150E333-8FDC-42A3-9474-1A3956D46DE8}") = "05-Infrastructure", "05-Infrastructure", "{EE14D332-457C-4036-9959-AB8454326AF2}"
EndProject
Project("{FAE04EC0-301F-11D3-BF4B-00C04F79EFBC}") = "ST.Domain.Base", "ST.Domain.Base\ST.Domain.Base.csproj", "{48AF64B1-255D-4665-B76C-48E62B189605}"
EndProject
Project("{FAE04EC0-301F-11D3-BF4B-00C04F79EFBC}") = "ST.Domain", "ST.Domain\ST.Domain.csproj", "{90DF2F40-B2F1-4CEF-9D99-BD33B6CA9EDC}"
EndProject
Project("{FAE04EC0-301F-11D3-BF4B-00C04F79EFBC}") = "ST.Repository.Base", "ST.Repository.Base\ST.Repository.Base.csproj", "{896D8AAA-8260-4CB5-A10A-DB81CFF3C751}"
EndProject
Project("{FAE04EC0-301F-11D3-BF4B-00C04F79EFBC}") = "ST.Repository", "ST.Repository\ST.Repository.csproj", "{0F0ED43A-3A35-4A63-BFB2-37ABB6C456A2}"
EndProject
Project("{FAE04EC0-301F-11D3-BF4B-00C04F79EFBC}") = "ST.Application.ConectionString", "ST.Application.ConectionString\ST.Application.ConectionString.csproj", "{7A558887-828F-4485-BAE2-5E4856163376}"
EndProject
Project("{FAE04EC0-301F-11D3-BF4B-00C04F79EFBC}") = "ST.Infrastructure.Context", "ST.Infrastructure.Context\ST.Infrastructure.Context.csproj", "{BC1F1AFF-E4EB-4565-96AF-0BF53414C840}"
EndProject
Project("{FAE04EC0-301F-11D3-BF4B-00C04F79EFBC}") = "ST.Domain.Repository", "ST.Domain.Repository\ST.Domain.Repository.csproj", "{3ABAFD31-8CBE-4A14-A9F3-48804F892208}"
EndProject
Project("{FAE04EC0-301F-11D3-BF4B-00C04F79EFBC}") = "ST.Infrastructure.Repository", "ST.Infrastructure.Repository\ST.Infrastructure.Repository.csproj", "{50F9E099-46B2-4098-9126-6C9D66257EB4}"
EndProject
Project("{FAE04EC0-301F-11D3-BF4B-00C04F79EFBC}") = "ST.Service.Base", "ST.Service.Base\ST.Service.Base.csproj", "{079F24B1-8C2A-426A-95FC-2E9C4D818F81}"
EndProject
Project("{FAE04EC0-301F-11D3-BF4B-00C04F79EFBC}") = "ST.IService", "ST.IService\ST.IService.csproj", "{A842555D-8061-4832-A60B-81176EF08DED}"
EndProject
Project("{FAE04EC0-301F-11D3-BF4B-00C04F79EFBC}") = "ST.Service", "ST.Service\ST.Service.csproj", "{D7A20DB3-15B0-459A-AA85-6CBD8678B9EB}"
EndProject
Project("{2150E333-8FDC-42A3-9474-1A3956D46DE8}") = "Web", "Web", "{58CADD58-9181-462B-85D4-DBAE11D8D63A}"
EndProject
Project("{2150E333-8FDC-42A3-9474-1A3956D46DE8}") = "Mobile", "Mobile", "{6322056C-BF7D-4683-8CB4-2BD38BDA9C82}"
EndProject
Project("{FAE04EC0-301F-11D3-BF4B-00C04F79EFBC}") = "SporTucMobile.Android", "SporTucMobile\SporTucMobile.Android\SporTucMobile.Android.csproj", "{6289A7FD-AE83-46C4-8A58-1F49098F4A91}"
EndProject
Project("{FAE04EC0-301F-11D3-BF4B-00C04F79EFBC}") = "SporTucMobile.iOS", "SporTucMobile\SporTucMobile.iOS\SporTucMobile.iOS.csproj", "{1668E7D9-9FFC-4992-9B65-5259DF491F06}"
EndProject
Project("{FAE04EC0-301F-11D3-BF4B-00C04F79EFBC}") = "SporTucMobile.UWP", "SporTucMobile\SporTucMobile.UWP\SporTucMobile.UWP.csproj", "{9C1FC2CF-3B6A-47A5-BCD0-B0AE9562578F}"
EndProject
Project("{FAE04EC0-301F-11D3-BF4B-00C04F79EFBC}") = "SporTucMobile", "SporTucMobile\SporTucMobile\SporTucMobile.csproj", "{C15FEC96-D9B9-403C-9926-68A899C778B2}"
EndProject
Global
	GlobalSection(SolutionConfigurationPlatforms) = preSolution
		Ad-Hoc|Any CPU = Ad-Hoc|Any CPU
		Ad-Hoc|ARM = Ad-Hoc|ARM
		Ad-Hoc|iPhone = Ad-Hoc|iPhone
		Ad-Hoc|iPhoneSimulator = Ad-Hoc|iPhoneSimulator
		Ad-Hoc|x64 = Ad-Hoc|x64
		Ad-Hoc|x86 = Ad-Hoc|x86
		AppStore|Any CPU = AppStore|Any CPU
		AppStore|ARM = AppStore|ARM
		AppStore|iPhone = AppStore|iPhone
		AppStore|iPhoneSimulator = AppStore|iPhoneSimulator
		AppStore|x64 = AppStore|x64
		AppStore|x86 = AppStore|x86
		Debug|Any CPU = Debug|Any CPU
		Debug|ARM = Debug|ARM
		Debug|iPhone = Debug|iPhone
		Debug|iPhoneSimulator = Debug|iPhoneSimulator
		Debug|x64 = Debug|x64
		Debug|x86 = Debug|x86
		Release|Any CPU = Release|Any CPU
		Release|ARM = Release|ARM
		Release|iPhone = Release|iPhone
		Release|iPhoneSimulator = Release|iPhoneSimulator
		Release|x64 = Release|x64
		Release|x86 = Release|x86
	EndGlobalSection
	GlobalSection(ProjectConfigurationPlatforms) = postSolution
		{48AF64B1-255D-4665-B76C-48E62B189605}.Ad-Hoc|Any CPU.ActiveCfg = Release|Any CPU
		{48AF64B1-255D-4665-B76C-48E62B189605}.Ad-Hoc|Any CPU.Build.0 = Release|Any CPU
		{48AF64B1-255D-4665-B76C-48E62B189605}.Ad-Hoc|ARM.ActiveCfg = Release|Any CPU
		{48AF64B1-255D-4665-B76C-48E62B189605}.Ad-Hoc|ARM.Build.0 = Release|Any CPU
		{48AF64B1-255D-4665-B76C-48E62B189605}.Ad-Hoc|iPhone.ActiveCfg = Release|Any CPU
		{48AF64B1-255D-4665-B76C-48E62B189605}.Ad-Hoc|iPhone.Build.0 = Release|Any CPU
		{48AF64B1-255D-4665-B76C-48E62B189605}.Ad-Hoc|iPhoneSimulator.ActiveCfg = Release|Any CPU
		{48AF64B1-255D-4665-B76C-48E62B189605}.Ad-Hoc|iPhoneSimulator.Build.0 = Release|Any CPU
		{48AF64B1-255D-4665-B76C-48E62B189605}.Ad-Hoc|x64.ActiveCfg = Release|Any CPU
		{48AF64B1-255D-4665-B76C-48E62B189605}.Ad-Hoc|x64.Build.0 = Release|Any CPU
		{48AF64B1-255D-4665-B76C-48E62B189605}.Ad-Hoc|x86.ActiveCfg = Release|Any CPU
		{48AF64B1-255D-4665-B76C-48E62B189605}.Ad-Hoc|x86.Build.0 = Release|Any CPU
		{48AF64B1-255D-4665-B76C-48E62B189605}.AppStore|Any CPU.ActiveCfg = Release|Any CPU
		{48AF64B1-255D-4665-B76C-48E62B189605}.AppStore|Any CPU.Build.0 = Release|Any CPU
		{48AF64B1-255D-4665-B76C-48E62B189605}.AppStore|ARM.ActiveCfg = Release|Any CPU
		{48AF64B1-255D-4665-B76C-48E62B189605}.AppStore|ARM.Build.0 = Release|Any CPU
		{48AF64B1-255D-4665-B76C-48E62B189605}.AppStore|iPhone.ActiveCfg = Release|Any CPU
		{48AF64B1-255D-4665-B76C-48E62B189605}.AppStore|iPhone.Build.0 = Release|Any CPU
		{48AF64B1-255D-4665-B76C-48E62B189605}.AppStore|iPhoneSimulator.ActiveCfg = Release|Any CPU
		{48AF64B1-255D-4665-B76C-48E62B189605}.AppStore|iPhoneSimulator.Build.0 = Release|Any CPU
		{48AF64B1-255D-4665-B76C-48E62B189605}.AppStore|x64.ActiveCfg = Release|Any CPU
		{48AF64B1-255D-4665-B76C-48E62B189605}.AppStore|x64.Build.0 = Release|Any CPU
		{48AF64B1-255D-4665-B76C-48E62B189605}.AppStore|x86.ActiveCfg = Release|Any CPU
		{48AF64B1-255D-4665-B76C-48E62B189605}.AppStore|x86.Build.0 = Release|Any CPU
		{48AF64B1-255D-4665-B76C-48E62B189605}.Debug|Any CPU.ActiveCfg = Debug|Any CPU
		{48AF64B1-255D-4665-B76C-48E62B189605}.Debug|Any CPU.Build.0 = Debug|Any CPU
		{48AF64B1-255D-4665-B76C-48E62B189605}.Debug|ARM.ActiveCfg = Debug|Any CPU
		{48AF64B1-255D-4665-B76C-48E62B189605}.Debug|ARM.Build.0 = Debug|Any CPU
		{48AF64B1-255D-4665-B76C-48E62B189605}.Debug|iPhone.ActiveCfg = Debug|Any CPU
		{48AF64B1-255D-4665-B76C-48E62B189605}.Debug|iPhone.Build.0 = Debug|Any CPU
		{48AF64B1-255D-4665-B76C-48E62B189605}.Debug|iPhoneSimulator.ActiveCfg = Debug|Any CPU
		{48AF64B1-255D-4665-B76C-48E62B189605}.Debug|iPhoneSimulator.Build.0 = Debug|Any CPU
		{48AF64B1-255D-4665-B76C-48E62B189605}.Debug|x64.ActiveCfg = Debug|Any CPU
		{48AF64B1-255D-4665-B76C-48E62B189605}.Debug|x64.Build.0 = Debug|Any CPU
		{48AF64B1-255D-4665-B76C-48E62B189605}.Debug|x86.ActiveCfg = Debug|Any CPU
		{48AF64B1-255D-4665-B76C-48E62B189605}.Debug|x86.Build.0 = Debug|Any CPU
		{48AF64B1-255D-4665-B76C-48E62B189605}.Release|Any CPU.ActiveCfg = Release|Any CPU
		{48AF64B1-255D-4665-B76C-48E62B189605}.Release|Any CPU.Build.0 = Release|Any CPU
		{48AF64B1-255D-4665-B76C-48E62B189605}.Release|ARM.ActiveCfg = Release|Any CPU
		{48AF64B1-255D-4665-B76C-48E62B189605}.Release|ARM.Build.0 = Release|Any CPU
		{48AF64B1-255D-4665-B76C-48E62B189605}.Release|iPhone.ActiveCfg = Release|Any CPU
		{48AF64B1-255D-4665-B76C-48E62B189605}.Release|iPhone.Build.0 = Release|Any CPU
		{48AF64B1-255D-4665-B76C-48E62B189605}.Release|iPhoneSimulator.ActiveCfg = Release|Any CPU
		{48AF64B1-255D-4665-B76C-48E62B189605}.Release|iPhoneSimulator.Build.0 = Release|Any CPU
		{48AF64B1-255D-4665-B76C-48E62B189605}.Release|x64.ActiveCfg = Release|Any CPU
		{48AF64B1-255D-4665-B76C-48E62B189605}.Release|x64.Build.0 = Release|Any CPU
		{48AF64B1-255D-4665-B76C-48E62B189605}.Release|x86.ActiveCfg = Release|Any CPU
		{48AF64B1-255D-4665-B76C-48E62B189605}.Release|x86.Build.0 = Release|Any CPU
		{90DF2F40-B2F1-4CEF-9D99-BD33B6CA9EDC}.Ad-Hoc|Any CPU.ActiveCfg = Release|Any CPU
		{90DF2F40-B2F1-4CEF-9D99-BD33B6CA9EDC}.Ad-Hoc|Any CPU.Build.0 = Release|Any CPU
		{90DF2F40-B2F1-4CEF-9D99-BD33B6CA9EDC}.Ad-Hoc|ARM.ActiveCfg = Release|Any CPU
		{90DF2F40-B2F1-4CEF-9D99-BD33B6CA9EDC}.Ad-Hoc|ARM.Build.0 = Release|Any CPU
		{90DF2F40-B2F1-4CEF-9D99-BD33B6CA9EDC}.Ad-Hoc|iPhone.ActiveCfg = Release|Any CPU
		{90DF2F40-B2F1-4CEF-9D99-BD33B6CA9EDC}.Ad-Hoc|iPhone.Build.0 = Release|Any CPU
		{90DF2F40-B2F1-4CEF-9D99-BD33B6CA9EDC}.Ad-Hoc|iPhoneSimulator.ActiveCfg = Release|Any CPU
		{90DF2F40-B2F1-4CEF-9D99-BD33B6CA9EDC}.Ad-Hoc|iPhoneSimulator.Build.0 = Release|Any CPU
		{90DF2F40-B2F1-4CEF-9D99-BD33B6CA9EDC}.Ad-Hoc|x64.ActiveCfg = Release|Any CPU
		{90DF2F40-B2F1-4CEF-9D99-BD33B6CA9EDC}.Ad-Hoc|x64.Build.0 = Release|Any CPU
		{90DF2F40-B2F1-4CEF-9D99-BD33B6CA9EDC}.Ad-Hoc|x86.ActiveCfg = Release|Any CPU
		{90DF2F40-B2F1-4CEF-9D99-BD33B6CA9EDC}.Ad-Hoc|x86.Build.0 = Release|Any CPU
		{90DF2F40-B2F1-4CEF-9D99-BD33B6CA9EDC}.AppStore|Any CPU.ActiveCfg = Release|Any CPU
		{90DF2F40-B2F1-4CEF-9D99-BD33B6CA9EDC}.AppStore|Any CPU.Build.0 = Release|Any CPU
		{90DF2F40-B2F1-4CEF-9D99-BD33B6CA9EDC}.AppStore|ARM.ActiveCfg = Release|Any CPU
		{90DF2F40-B2F1-4CEF-9D99-BD33B6CA9EDC}.AppStore|ARM.Build.0 = Release|Any CPU
		{90DF2F40-B2F1-4CEF-9D99-BD33B6CA9EDC}.AppStore|iPhone.ActiveCfg = Release|Any CPU
		{90DF2F40-B2F1-4CEF-9D99-BD33B6CA9EDC}.AppStore|iPhone.Build.0 = Release|Any CPU
		{90DF2F40-B2F1-4CEF-9D99-BD33B6CA9EDC}.AppStore|iPhoneSimulator.ActiveCfg = Release|Any CPU
		{90DF2F40-B2F1-4CEF-9D99-BD33B6CA9EDC}.AppStore|iPhoneSimulator.Build.0 = Release|Any CPU
		{90DF2F40-B2F1-4CEF-9D99-BD33B6CA9EDC}.AppStore|x64.ActiveCfg = Release|Any CPU
		{90DF2F40-B2F1-4CEF-9D99-BD33B6CA9EDC}.AppStore|x64.Build.0 = Release|Any CPU
		{90DF2F40-B2F1-4CEF-9D99-BD33B6CA9EDC}.AppStore|x86.ActiveCfg = Release|Any CPU
		{90DF2F40-B2F1-4CEF-9D99-BD33B6CA9EDC}.AppStore|x86.Build.0 = Release|Any CPU
		{90DF2F40-B2F1-4CEF-9D99-BD33B6CA9EDC}.Debug|Any CPU.ActiveCfg = Debug|Any CPU
		{90DF2F40-B2F1-4CEF-9D99-BD33B6CA9EDC}.Debug|Any CPU.Build.0 = Debug|Any CPU
		{90DF2F40-B2F1-4CEF-9D99-BD33B6CA9EDC}.Debug|ARM.ActiveCfg = Debug|Any CPU
		{90DF2F40-B2F1-4CEF-9D99-BD33B6CA9EDC}.Debug|ARM.Build.0 = Debug|Any CPU
		{90DF2F40-B2F1-4CEF-9D99-BD33B6CA9EDC}.Debug|iPhone.ActiveCfg = Debug|Any CPU
		{90DF2F40-B2F1-4CEF-9D99-BD33B6CA9EDC}.Debug|iPhone.Build.0 = Debug|Any CPU
		{90DF2F40-B2F1-4CEF-9D99-BD33B6CA9EDC}.Debug|iPhoneSimulator.ActiveCfg = Debug|Any CPU
		{90DF2F40-B2F1-4CEF-9D99-BD33B6CA9EDC}.Debug|iPhoneSimulator.Build.0 = Debug|Any CPU
		{90DF2F40-B2F1-4CEF-9D99-BD33B6CA9EDC}.Debug|x64.ActiveCfg = Debug|Any CPU
		{90DF2F40-B2F1-4CEF-9D99-BD33B6CA9EDC}.Debug|x64.Build.0 = Debug|Any CPU
		{90DF2F40-B2F1-4CEF-9D99-BD33B6CA9EDC}.Debug|x86.ActiveCfg = Debug|Any CPU
		{90DF2F40-B2F1-4CEF-9D99-BD33B6CA9EDC}.Debug|x86.Build.0 = Debug|Any CPU
		{90DF2F40-B2F1-4CEF-9D99-BD33B6CA9EDC}.Release|Any CPU.ActiveCfg = Release|Any CPU
		{90DF2F40-B2F1-4CEF-9D99-BD33B6CA9EDC}.Release|Any CPU.Build.0 = Release|Any CPU
		{90DF2F40-B2F1-4CEF-9D99-BD33B6CA9EDC}.Release|ARM.ActiveCfg = Release|Any CPU
		{90DF2F40-B2F1-4CEF-9D99-BD33B6CA9EDC}.Release|ARM.Build.0 = Release|Any CPU
		{90DF2F40-B2F1-4CEF-9D99-BD33B6CA9EDC}.Release|iPhone.ActiveCfg = Release|Any CPU
		{90DF2F40-B2F1-4CEF-9D99-BD33B6CA9EDC}.Release|iPhone.Build.0 = Release|Any CPU
		{90DF2F40-B2F1-4CEF-9D99-BD33B6CA9EDC}.Release|iPhoneSimulator.ActiveCfg = Release|Any CPU
		{90DF2F40-B2F1-4CEF-9D99-BD33B6CA9EDC}.Release|iPhoneSimulator.Build.0 = Release|Any CPU
		{90DF2F40-B2F1-4CEF-9D99-BD33B6CA9EDC}.Release|x64.ActiveCfg = Release|Any CPU
		{90DF2F40-B2F1-4CEF-9D99-BD33B6CA9EDC}.Release|x64.Build.0 = Release|Any CPU
		{90DF2F40-B2F1-4CEF-9D99-BD33B6CA9EDC}.Release|x86.ActiveCfg = Release|Any CPU
		{90DF2F40-B2F1-4CEF-9D99-BD33B6CA9EDC}.Release|x86.Build.0 = Release|Any CPU
		{896D8AAA-8260-4CB5-A10A-DB81CFF3C751}.Ad-Hoc|Any CPU.ActiveCfg = Release|Any CPU
		{896D8AAA-8260-4CB5-A10A-DB81CFF3C751}.Ad-Hoc|Any CPU.Build.0 = Release|Any CPU
		{896D8AAA-8260-4CB5-A10A-DB81CFF3C751}.Ad-Hoc|ARM.ActiveCfg = Release|Any CPU
		{896D8AAA-8260-4CB5-A10A-DB81CFF3C751}.Ad-Hoc|ARM.Build.0 = Release|Any CPU
		{896D8AAA-8260-4CB5-A10A-DB81CFF3C751}.Ad-Hoc|iPhone.ActiveCfg = Release|Any CPU
		{896D8AAA-8260-4CB5-A10A-DB81CFF3C751}.Ad-Hoc|iPhone.Build.0 = Release|Any CPU
		{896D8AAA-8260-4CB5-A10A-DB81CFF3C751}.Ad-Hoc|iPhoneSimulator.ActiveCfg = Release|Any CPU
		{896D8AAA-8260-4CB5-A10A-DB81CFF3C751}.Ad-Hoc|iPhoneSimulator.Build.0 = Release|Any CPU
		{896D8AAA-8260-4CB5-A10A-DB81CFF3C751}.Ad-Hoc|x64.ActiveCfg = Release|Any CPU
		{896D8AAA-8260-4CB5-A10A-DB81CFF3C751}.Ad-Hoc|x64.Build.0 = Release|Any CPU
		{896D8AAA-8260-4CB5-A10A-DB81CFF3C751}.Ad-Hoc|x86.ActiveCfg = Release|Any CPU
		{896D8AAA-8260-4CB5-A10A-DB81CFF3C751}.Ad-Hoc|x86.Build.0 = Release|Any CPU
		{896D8AAA-8260-4CB5-A10A-DB81CFF3C751}.AppStore|Any CPU.ActiveCfg = Release|Any CPU
		{896D8AAA-8260-4CB5-A10A-DB81CFF3C751}.AppStore|Any CPU.Build.0 = Release|Any CPU
		{896D8AAA-8260-4CB5-A10A-DB81CFF3C751}.AppStore|ARM.ActiveCfg = Release|Any CPU
		{896D8AAA-8260-4CB5-A10A-DB81CFF3C751}.AppStore|ARM.Build.0 = Release|Any CPU
		{896D8AAA-8260-4CB5-A10A-DB81CFF3C751}.AppStore|iPhone.ActiveCfg = Release|Any CPU
		{896D8AAA-8260-4CB5-A10A-DB81CFF3C751}.AppStore|iPhone.Build.0 = Release|Any CPU
		{896D8AAA-8260-4CB5-A10A-DB81CFF3C751}.AppStore|iPhoneSimulator.ActiveCfg = Release|Any CPU
		{896D8AAA-8260-4CB5-A10A-DB81CFF3C751}.AppStore|iPhoneSimulator.Build.0 = Release|Any CPU
		{896D8AAA-8260-4CB5-A10A-DB81CFF3C751}.AppStore|x64.ActiveCfg = Release|Any CPU
		{896D8AAA-8260-4CB5-A10A-DB81CFF3C751}.AppStore|x64.Build.0 = Release|Any CPU
		{896D8AAA-8260-4CB5-A10A-DB81CFF3C751}.AppStore|x86.ActiveCfg = Release|Any CPU
		{896D8AAA-8260-4CB5-A10A-DB81CFF3C751}.AppStore|x86.Build.0 = Release|Any CPU
		{896D8AAA-8260-4CB5-A10A-DB81CFF3C751}.Debug|Any CPU.ActiveCfg = Debug|Any CPU
		{896D8AAA-8260-4CB5-A10A-DB81CFF3C751}.Debug|Any CPU.Build.0 = Debug|Any CPU
		{896D8AAA-8260-4CB5-A10A-DB81CFF3C751}.Debug|ARM.ActiveCfg = Debug|Any CPU
		{896D8AAA-8260-4CB5-A10A-DB81CFF3C751}.Debug|ARM.Build.0 = Debug|Any CPU
		{896D8AAA-8260-4CB5-A10A-DB81CFF3C751}.Debug|iPhone.ActiveCfg = Debug|Any CPU
		{896D8AAA-8260-4CB5-A10A-DB81CFF3C751}.Debug|iPhone.Build.0 = Debug|Any CPU
		{896D8AAA-8260-4CB5-A10A-DB81CFF3C751}.Debug|iPhoneSimulator.ActiveCfg = Debug|Any CPU
		{896D8AAA-8260-4CB5-A10A-DB81CFF3C751}.Debug|iPhoneSimulator.Build.0 = Debug|Any CPU
		{896D8AAA-8260-4CB5-A10A-DB81CFF3C751}.Debug|x64.ActiveCfg = Debug|Any CPU
		{896D8AAA-8260-4CB5-A10A-DB81CFF3C751}.Debug|x64.Build.0 = Debug|Any CPU
		{896D8AAA-8260-4CB5-A10A-DB81CFF3C751}.Debug|x86.ActiveCfg = Debug|Any CPU
		{896D8AAA-8260-4CB5-A10A-DB81CFF3C751}.Debug|x86.Build.0 = Debug|Any CPU
		{896D8AAA-8260-4CB5-A10A-DB81CFF3C751}.Release|Any CPU.ActiveCfg = Release|Any CPU
		{896D8AAA-8260-4CB5-A10A-DB81CFF3C751}.Release|Any CPU.Build.0 = Release|Any CPU
		{896D8AAA-8260-4CB5-A10A-DB81CFF3C751}.Release|ARM.ActiveCfg = Release|Any CPU
		{896D8AAA-8260-4CB5-A10A-DB81CFF3C751}.Release|ARM.Build.0 = Release|Any CPU
		{896D8AAA-8260-4CB5-A10A-DB81CFF3C751}.Release|iPhone.ActiveCfg = Release|Any CPU
		{896D8AAA-8260-4CB5-A10A-DB81CFF3C751}.Release|iPhone.Build.0 = Release|Any CPU
		{896D8AAA-8260-4CB5-A10A-DB81CFF3C751}.Release|iPhoneSimulator.ActiveCfg = Release|Any CPU
		{896D8AAA-8260-4CB5-A10A-DB81CFF3C751}.Release|iPhoneSimulator.Build.0 = Release|Any CPU
		{896D8AAA-8260-4CB5-A10A-DB81CFF3C751}.Release|x64.ActiveCfg = Release|Any CPU
		{896D8AAA-8260-4CB5-A10A-DB81CFF3C751}.Release|x64.Build.0 = Release|Any CPU
		{896D8AAA-8260-4CB5-A10A-DB81CFF3C751}.Release|x86.ActiveCfg = Release|Any CPU
		{896D8AAA-8260-4CB5-A10A-DB81CFF3C751}.Release|x86.Build.0 = Release|Any CPU
		{0F0ED43A-3A35-4A63-BFB2-37ABB6C456A2}.Ad-Hoc|Any CPU.ActiveCfg = Release|Any CPU
		{0F0ED43A-3A35-4A63-BFB2-37ABB6C456A2}.Ad-Hoc|Any CPU.Build.0 = Release|Any CPU
		{0F0ED43A-3A35-4A63-BFB2-37ABB6C456A2}.Ad-Hoc|ARM.ActiveCfg = Release|Any CPU
		{0F0ED43A-3A35-4A63-BFB2-37ABB6C456A2}.Ad-Hoc|ARM.Build.0 = Release|Any CPU
		{0F0ED43A-3A35-4A63-BFB2-37ABB6C456A2}.Ad-Hoc|iPhone.ActiveCfg = Release|Any CPU
		{0F0ED43A-3A35-4A63-BFB2-37ABB6C456A2}.Ad-Hoc|iPhone.Build.0 = Release|Any CPU
		{0F0ED43A-3A35-4A63-BFB2-37ABB6C456A2}.Ad-Hoc|iPhoneSimulator.ActiveCfg = Release|Any CPU
		{0F0ED43A-3A35-4A63-BFB2-37ABB6C456A2}.Ad-Hoc|iPhoneSimulator.Build.0 = Release|Any CPU
		{0F0ED43A-3A35-4A63-BFB2-37ABB6C456A2}.Ad-Hoc|x64.ActiveCfg = Release|Any CPU
		{0F0ED43A-3A35-4A63-BFB2-37ABB6C456A2}.Ad-Hoc|x64.Build.0 = Release|Any CPU
		{0F0ED43A-3A35-4A63-BFB2-37ABB6C456A2}.Ad-Hoc|x86.ActiveCfg = Release|Any CPU
		{0F0ED43A-3A35-4A63-BFB2-37ABB6C456A2}.Ad-Hoc|x86.Build.0 = Release|Any CPU
		{0F0ED43A-3A35-4A63-BFB2-37ABB6C456A2}.AppStore|Any CPU.ActiveCfg = Release|Any CPU
		{0F0ED43A-3A35-4A63-BFB2-37ABB6C456A2}.AppStore|Any CPU.Build.0 = Release|Any CPU
		{0F0ED43A-3A35-4A63-BFB2-37ABB6C456A2}.AppStore|ARM.ActiveCfg = Release|Any CPU
		{0F0ED43A-3A35-4A63-BFB2-37ABB6C456A2}.AppStore|ARM.Build.0 = Release|Any CPU
		{0F0ED43A-3A35-4A63-BFB2-37ABB6C456A2}.AppStore|iPhone.ActiveCfg = Release|Any CPU
		{0F0ED43A-3A35-4A63-BFB2-37ABB6C456A2}.AppStore|iPhone.Build.0 = Release|Any CPU
		{0F0ED43A-3A35-4A63-BFB2-37ABB6C456A2}.AppStore|iPhoneSimulator.ActiveCfg = Release|Any CPU
		{0F0ED43A-3A35-4A63-BFB2-37ABB6C456A2}.AppStore|iPhoneSimulator.Build.0 = Release|Any CPU
		{0F0ED43A-3A35-4A63-BFB2-37ABB6C456A2}.AppStore|x64.ActiveCfg = Release|Any CPU
		{0F0ED43A-3A35-4A63-BFB2-37ABB6C456A2}.AppStore|x64.Build.0 = Release|Any CPU
		{0F0ED43A-3A35-4A63-BFB2-37ABB6C456A2}.AppStore|x86.ActiveCfg = Release|Any CPU
		{0F0ED43A-3A35-4A63-BFB2-37ABB6C456A2}.AppStore|x86.Build.0 = Release|Any CPU
		{0F0ED43A-3A35-4A63-BFB2-37ABB6C456A2}.Debug|Any CPU.ActiveCfg = Debug|Any CPU
		{0F0ED43A-3A35-4A63-BFB2-37ABB6C456A2}.Debug|Any CPU.Build.0 = Debug|Any CPU
		{0F0ED43A-3A35-4A63-BFB2-37ABB6C456A2}.Debug|ARM.ActiveCfg = Debug|Any CPU
		{0F0ED43A-3A35-4A63-BFB2-37ABB6C456A2}.Debug|ARM.Build.0 = Debug|Any CPU
		{0F0ED43A-3A35-4A63-BFB2-37ABB6C456A2}.Debug|iPhone.ActiveCfg = Debug|Any CPU
		{0F0ED43A-3A35-4A63-BFB2-37ABB6C456A2}.Debug|iPhone.Build.0 = Debug|Any CPU
		{0F0ED43A-3A35-4A63-BFB2-37ABB6C456A2}.Debug|iPhoneSimulator.ActiveCfg = Debug|Any CPU
		{0F0ED43A-3A35-4A63-BFB2-37ABB6C456A2}.Debug|iPhoneSimulator.Build.0 = Debug|Any CPU
		{0F0ED43A-3A35-4A63-BFB2-37ABB6C456A2}.Debug|x64.ActiveCfg = Debug|Any CPU
		{0F0ED43A-3A35-4A63-BFB2-37ABB6C456A2}.Debug|x64.Build.0 = Debug|Any CPU
		{0F0ED43A-3A35-4A63-BFB2-37ABB6C456A2}.Debug|x86.ActiveCfg = Debug|Any CPU
		{0F0ED43A-3A35-4A63-BFB2-37ABB6C456A2}.Debug|x86.Build.0 = Debug|Any CPU
		{0F0ED43A-3A35-4A63-BFB2-37ABB6C456A2}.Release|Any CPU.ActiveCfg = Release|Any CPU
		{0F0ED43A-3A35-4A63-BFB2-37ABB6C456A2}.Release|Any CPU.Build.0 = Release|Any CPU
		{0F0ED43A-3A35-4A63-BFB2-37ABB6C456A2}.Release|ARM.ActiveCfg = Release|Any CPU
		{0F0ED43A-3A35-4A63-BFB2-37ABB6C456A2}.Release|ARM.Build.0 = Release|Any CPU
		{0F0ED43A-3A35-4A63-BFB2-37ABB6C456A2}.Release|iPhone.ActiveCfg = Release|Any CPU
		{0F0ED43A-3A35-4A63-BFB2-37ABB6C456A2}.Release|iPhone.Build.0 = Release|Any CPU
		{0F0ED43A-3A35-4A63-BFB2-37ABB6C456A2}.Release|iPhoneSimulator.ActiveCfg = Release|Any CPU
		{0F0ED43A-3A35-4A63-BFB2-37ABB6C456A2}.Release|iPhoneSimulator.Build.0 = Release|Any CPU
		{0F0ED43A-3A35-4A63-BFB2-37ABB6C456A2}.Release|x64.ActiveCfg = Release|Any CPU
		{0F0ED43A-3A35-4A63-BFB2-37ABB6C456A2}.Release|x64.Build.0 = Release|Any CPU
		{0F0ED43A-3A35-4A63-BFB2-37ABB6C456A2}.Release|x86.ActiveCfg = Release|Any CPU
		{0F0ED43A-3A35-4A63-BFB2-37ABB6C456A2}.Release|x86.Build.0 = Release|Any CPU
		{7A558887-828F-4485-BAE2-5E4856163376}.Ad-Hoc|Any CPU.ActiveCfg = Release|Any CPU
		{7A558887-828F-4485-BAE2-5E4856163376}.Ad-Hoc|Any CPU.Build.0 = Release|Any CPU
		{7A558887-828F-4485-BAE2-5E4856163376}.Ad-Hoc|ARM.ActiveCfg = Release|Any CPU
		{7A558887-828F-4485-BAE2-5E4856163376}.Ad-Hoc|ARM.Build.0 = Release|Any CPU
		{7A558887-828F-4485-BAE2-5E4856163376}.Ad-Hoc|iPhone.ActiveCfg = Release|Any CPU
		{7A558887-828F-4485-BAE2-5E4856163376}.Ad-Hoc|iPhone.Build.0 = Release|Any CPU
		{7A558887-828F-4485-BAE2-5E4856163376}.Ad-Hoc|iPhoneSimulator.ActiveCfg = Release|Any CPU
		{7A558887-828F-4485-BAE2-5E4856163376}.Ad-Hoc|iPhoneSimulator.Build.0 = Release|Any CPU
		{7A558887-828F-4485-BAE2-5E4856163376}.Ad-Hoc|x64.ActiveCfg = Release|Any CPU
		{7A558887-828F-4485-BAE2-5E4856163376}.Ad-Hoc|x64.Build.0 = Release|Any CPU
		{7A558887-828F-4485-BAE2-5E4856163376}.Ad-Hoc|x86.ActiveCfg = Release|Any CPU
		{7A558887-828F-4485-BAE2-5E4856163376}.Ad-Hoc|x86.Build.0 = Release|Any CPU
		{7A558887-828F-4485-BAE2-5E4856163376}.AppStore|Any CPU.ActiveCfg = Release|Any CPU
		{7A558887-828F-4485-BAE2-5E4856163376}.AppStore|Any CPU.Build.0 = Release|Any CPU
		{7A558887-828F-4485-BAE2-5E4856163376}.AppStore|ARM.ActiveCfg = Release|Any CPU
		{7A558887-828F-4485-BAE2-5E4856163376}.AppStore|ARM.Build.0 = Release|Any CPU
		{7A558887-828F-4485-BAE2-5E4856163376}.AppStore|iPhone.ActiveCfg = Release|Any CPU
		{7A558887-828F-4485-BAE2-5E4856163376}.AppStore|iPhone.Build.0 = Release|Any CPU
		{7A558887-828F-4485-BAE2-5E4856163376}.AppStore|iPhoneSimulator.ActiveCfg = Release|Any CPU
		{7A558887-828F-4485-BAE2-5E4856163376}.AppStore|iPhoneSimulator.Build.0 = Release|Any CPU
		{7A558887-828F-4485-BAE2-5E4856163376}.AppStore|x64.ActiveCfg = Release|Any CPU
		{7A558887-828F-4485-BAE2-5E4856163376}.AppStore|x64.Build.0 = Release|Any CPU
		{7A558887-828F-4485-BAE2-5E4856163376}.AppStore|x86.ActiveCfg = Release|Any CPU
		{7A558887-828F-4485-BAE2-5E4856163376}.AppStore|x86.Build.0 = Release|Any CPU
		{7A558887-828F-4485-BAE2-5E4856163376}.Debug|Any CPU.ActiveCfg = Debug|Any CPU
		{7A558887-828F-4485-BAE2-5E4856163376}.Debug|Any CPU.Build.0 = Debug|Any CPU
		{7A558887-828F-4485-BAE2-5E4856163376}.Debug|ARM.ActiveCfg = Debug|Any CPU
		{7A558887-828F-4485-BAE2-5E4856163376}.Debug|ARM.Build.0 = Debug|Any CPU
		{7A558887-828F-4485-BAE2-5E4856163376}.Debug|iPhone.ActiveCfg = Debug|Any CPU
		{7A558887-828F-4485-BAE2-5E4856163376}.Debug|iPhone.Build.0 = Debug|Any CPU
		{7A558887-828F-4485-BAE2-5E4856163376}.Debug|iPhoneSimulator.ActiveCfg = Debug|Any CPU
		{7A558887-828F-4485-BAE2-5E4856163376}.Debug|iPhoneSimulator.Build.0 = Debug|Any CPU
		{7A558887-828F-4485-BAE2-5E4856163376}.Debug|x64.ActiveCfg = Debug|Any CPU
		{7A558887-828F-4485-BAE2-5E4856163376}.Debug|x64.Build.0 = Debug|Any CPU
		{7A558887-828F-4485-BAE2-5E4856163376}.Debug|x86.ActiveCfg = Debug|Any CPU
		{7A558887-828F-4485-BAE2-5E4856163376}.Debug|x86.Build.0 = Debug|Any CPU
		{7A558887-828F-4485-BAE2-5E4856163376}.Release|Any CPU.ActiveCfg = Release|Any CPU
		{7A558887-828F-4485-BAE2-5E4856163376}.Release|Any CPU.Build.0 = Release|Any CPU
		{7A558887-828F-4485-BAE2-5E4856163376}.Release|ARM.ActiveCfg = Release|Any CPU
		{7A558887-828F-4485-BAE2-5E4856163376}.Release|ARM.Build.0 = Release|Any CPU
		{7A558887-828F-4485-BAE2-5E4856163376}.Release|iPhone.ActiveCfg = Release|Any CPU
		{7A558887-828F-4485-BAE2-5E4856163376}.Release|iPhone.Build.0 = Release|Any CPU
		{7A558887-828F-4485-BAE2-5E4856163376}.Release|iPhoneSimulator.ActiveCfg = Release|Any CPU
		{7A558887-828F-4485-BAE2-5E4856163376}.Release|iPhoneSimulator.Build.0 = Release|Any CPU
		{7A558887-828F-4485-BAE2-5E4856163376}.Release|x64.ActiveCfg = Release|Any CPU
		{7A558887-828F-4485-BAE2-5E4856163376}.Release|x64.Build.0 = Release|Any CPU
		{7A558887-828F-4485-BAE2-5E4856163376}.Release|x86.ActiveCfg = Release|Any CPU
		{7A558887-828F-4485-BAE2-5E4856163376}.Release|x86.Build.0 = Release|Any CPU
		{BC1F1AFF-E4EB-4565-96AF-0BF53414C840}.Ad-Hoc|Any CPU.ActiveCfg = Release|Any CPU
		{BC1F1AFF-E4EB-4565-96AF-0BF53414C840}.Ad-Hoc|Any CPU.Build.0 = Release|Any CPU
		{BC1F1AFF-E4EB-4565-96AF-0BF53414C840}.Ad-Hoc|ARM.ActiveCfg = Release|Any CPU
		{BC1F1AFF-E4EB-4565-96AF-0BF53414C840}.Ad-Hoc|ARM.Build.0 = Release|Any CPU
		{BC1F1AFF-E4EB-4565-96AF-0BF53414C840}.Ad-Hoc|iPhone.ActiveCfg = Release|Any CPU
		{BC1F1AFF-E4EB-4565-96AF-0BF53414C840}.Ad-Hoc|iPhone.Build.0 = Release|Any CPU
		{BC1F1AFF-E4EB-4565-96AF-0BF53414C840}.Ad-Hoc|iPhoneSimulator.ActiveCfg = Release|Any CPU
		{BC1F1AFF-E4EB-4565-96AF-0BF53414C840}.Ad-Hoc|iPhoneSimulator.Build.0 = Release|Any CPU
		{BC1F1AFF-E4EB-4565-96AF-0BF53414C840}.Ad-Hoc|x64.ActiveCfg = Release|Any CPU
		{BC1F1AFF-E4EB-4565-96AF-0BF53414C840}.Ad-Hoc|x64.Build.0 = Release|Any CPU
		{BC1F1AFF-E4EB-4565-96AF-0BF53414C840}.Ad-Hoc|x86.ActiveCfg = Release|Any CPU
		{BC1F1AFF-E4EB-4565-96AF-0BF53414C840}.Ad-Hoc|x86.Build.0 = Release|Any CPU
		{BC1F1AFF-E4EB-4565-96AF-0BF53414C840}.AppStore|Any CPU.ActiveCfg = Release|Any CPU
		{BC1F1AFF-E4EB-4565-96AF-0BF53414C840}.AppStore|Any CPU.Build.0 = Release|Any CPU
		{BC1F1AFF-E4EB-4565-96AF-0BF53414C840}.AppStore|ARM.ActiveCfg = Release|Any CPU
		{BC1F1AFF-E4EB-4565-96AF-0BF53414C840}.AppStore|ARM.Build.0 = Release|Any CPU
		{BC1F1AFF-E4EB-4565-96AF-0BF53414C840}.AppStore|iPhone.ActiveCfg = Release|Any CPU
		{BC1F1AFF-E4EB-4565-96AF-0BF53414C840}.AppStore|iPhone.Build.0 = Release|Any CPU
		{BC1F1AFF-E4EB-4565-96AF-0BF53414C840}.AppStore|iPhoneSimulator.ActiveCfg = Release|Any CPU
		{BC1F1AFF-E4EB-4565-96AF-0BF53414C840}.AppStore|iPhoneSimulator.Build.0 = Release|Any CPU
		{BC1F1AFF-E4EB-4565-96AF-0BF53414C840}.AppStore|x64.ActiveCfg = Release|Any CPU
		{BC1F1AFF-E4EB-4565-96AF-0BF53414C840}.AppStore|x64.Build.0 = Release|Any CPU
		{BC1F1AFF-E4EB-4565-96AF-0BF53414C840}.AppStore|x86.ActiveCfg = Release|Any CPU
		{BC1F1AFF-E4EB-4565-96AF-0BF53414C840}.AppStore|x86.Build.0 = Release|Any CPU
		{BC1F1AFF-E4EB-4565-96AF-0BF53414C840}.Debug|Any CPU.ActiveCfg = Debug|Any CPU
		{BC1F1AFF-E4EB-4565-96AF-0BF53414C840}.Debug|Any CPU.Build.0 = Debug|Any CPU
		{BC1F1AFF-E4EB-4565-96AF-0BF53414C840}.Debug|ARM.ActiveCfg = Debug|Any CPU
		{BC1F1AFF-E4EB-4565-96AF-0BF53414C840}.Debug|ARM.Build.0 = Debug|Any CPU
		{BC1F1AFF-E4EB-4565-96AF-0BF53414C840}.Debug|iPhone.ActiveCfg = Debug|Any CPU
		{BC1F1AFF-E4EB-4565-96AF-0BF53414C840}.Debug|iPhone.Build.0 = Debug|Any CPU
		{BC1F1AFF-E4EB-4565-96AF-0BF53414C840}.Debug|iPhoneSimulator.ActiveCfg = Debug|Any CPU
		{BC1F1AFF-E4EB-4565-96AF-0BF53414C840}.Debug|iPhoneSimulator.Build.0 = Debug|Any CPU
		{BC1F1AFF-E4EB-4565-96AF-0BF53414C840}.Debug|x64.ActiveCfg = Debug|Any CPU
		{BC1F1AFF-E4EB-4565-96AF-0BF53414C840}.Debug|x64.Build.0 = Debug|Any CPU
		{BC1F1AFF-E4EB-4565-96AF-0BF53414C840}.Debug|x86.ActiveCfg = Debug|Any CPU
		{BC1F1AFF-E4EB-4565-96AF-0BF53414C840}.Debug|x86.Build.0 = Debug|Any CPU
		{BC1F1AFF-E4EB-4565-96AF-0BF53414C840}.Release|Any CPU.ActiveCfg = Release|Any CPU
		{BC1F1AFF-E4EB-4565-96AF-0BF53414C840}.Release|Any CPU.Build.0 = Release|Any CPU
		{BC1F1AFF-E4EB-4565-96AF-0BF53414C840}.Release|ARM.ActiveCfg = Release|Any CPU
		{BC1F1AFF-E4EB-4565-96AF-0BF53414C840}.Release|ARM.Build.0 = Release|Any CPU
		{BC1F1AFF-E4EB-4565-96AF-0BF53414C840}.Release|iPhone.ActiveCfg = Release|Any CPU
		{BC1F1AFF-E4EB-4565-96AF-0BF53414C840}.Release|iPhone.Build.0 = Release|Any CPU
		{BC1F1AFF-E4EB-4565-96AF-0BF53414C840}.Release|iPhoneSimulator.ActiveCfg = Release|Any CPU
		{BC1F1AFF-E4EB-4565-96AF-0BF53414C840}.Release|iPhoneSimulator.Build.0 = Release|Any CPU
		{BC1F1AFF-E4EB-4565-96AF-0BF53414C840}.Release|x64.ActiveCfg = Release|Any CPU
		{BC1F1AFF-E4EB-4565-96AF-0BF53414C840}.Release|x64.Build.0 = Release|Any CPU
		{BC1F1AFF-E4EB-4565-96AF-0BF53414C840}.Release|x86.ActiveCfg = Release|Any CPU
		{BC1F1AFF-E4EB-4565-96AF-0BF53414C840}.Release|x86.Build.0 = Release|Any CPU
		{3ABAFD31-8CBE-4A14-A9F3-48804F892208}.Ad-Hoc|Any CPU.ActiveCfg = Release|Any CPU
		{3ABAFD31-8CBE-4A14-A9F3-48804F892208}.Ad-Hoc|Any CPU.Build.0 = Release|Any CPU
		{3ABAFD31-8CBE-4A14-A9F3-48804F892208}.Ad-Hoc|ARM.ActiveCfg = Release|Any CPU
		{3ABAFD31-8CBE-4A14-A9F3-48804F892208}.Ad-Hoc|ARM.Build.0 = Release|Any CPU
		{3ABAFD31-8CBE-4A14-A9F3-48804F892208}.Ad-Hoc|iPhone.ActiveCfg = Release|Any CPU
		{3ABAFD31-8CBE-4A14-A9F3-48804F892208}.Ad-Hoc|iPhone.Build.0 = Release|Any CPU
		{3ABAFD31-8CBE-4A14-A9F3-48804F892208}.Ad-Hoc|iPhoneSimulator.ActiveCfg = Release|Any CPU
		{3ABAFD31-8CBE-4A14-A9F3-48804F892208}.Ad-Hoc|iPhoneSimulator.Build.0 = Release|Any CPU
		{3ABAFD31-8CBE-4A14-A9F3-48804F892208}.Ad-Hoc|x64.ActiveCfg = Release|Any CPU
		{3ABAFD31-8CBE-4A14-A9F3-48804F892208}.Ad-Hoc|x64.Build.0 = Release|Any CPU
		{3ABAFD31-8CBE-4A14-A9F3-48804F892208}.Ad-Hoc|x86.ActiveCfg = Release|Any CPU
		{3ABAFD31-8CBE-4A14-A9F3-48804F892208}.Ad-Hoc|x86.Build.0 = Release|Any CPU
		{3ABAFD31-8CBE-4A14-A9F3-48804F892208}.AppStore|Any CPU.ActiveCfg = Release|Any CPU
		{3ABAFD31-8CBE-4A14-A9F3-48804F892208}.AppStore|Any CPU.Build.0 = Release|Any CPU
		{3ABAFD31-8CBE-4A14-A9F3-48804F892208}.AppStore|ARM.ActiveCfg = Release|Any CPU
		{3ABAFD31-8CBE-4A14-A9F3-48804F892208}.AppStore|ARM.Build.0 = Release|Any CPU
		{3ABAFD31-8CBE-4A14-A9F3-48804F892208}.AppStore|iPhone.ActiveCfg = Release|Any CPU
		{3ABAFD31-8CBE-4A14-A9F3-48804F892208}.AppStore|iPhone.Build.0 = Release|Any CPU
		{3ABAFD31-8CBE-4A14-A9F3-48804F892208}.AppStore|iPhoneSimulator.ActiveCfg = Release|Any CPU
		{3ABAFD31-8CBE-4A14-A9F3-48804F892208}.AppStore|iPhoneSimulator.Build.0 = Release|Any CPU
		{3ABAFD31-8CBE-4A14-A9F3-48804F892208}.AppStore|x64.ActiveCfg = Release|Any CPU
		{3ABAFD31-8CBE-4A14-A9F3-48804F892208}.AppStore|x64.Build.0 = Release|Any CPU
		{3ABAFD31-8CBE-4A14-A9F3-48804F892208}.AppStore|x86.ActiveCfg = Release|Any CPU
		{3ABAFD31-8CBE-4A14-A9F3-48804F892208}.AppStore|x86.Build.0 = Release|Any CPU
		{3ABAFD31-8CBE-4A14-A9F3-48804F892208}.Debug|Any CPU.ActiveCfg = Debug|Any CPU
		{3ABAFD31-8CBE-4A14-A9F3-48804F892208}.Debug|Any CPU.Build.0 = Debug|Any CPU
		{3ABAFD31-8CBE-4A14-A9F3-48804F892208}.Debug|ARM.ActiveCfg = Debug|Any CPU
		{3ABAFD31-8CBE-4A14-A9F3-48804F892208}.Debug|ARM.Build.0 = Debug|Any CPU
		{3ABAFD31-8CBE-4A14-A9F3-48804F892208}.Debug|iPhone.ActiveCfg = Debug|Any CPU
		{3ABAFD31-8CBE-4A14-A9F3-48804F892208}.Debug|iPhone.Build.0 = Debug|Any CPU
		{3ABAFD31-8CBE-4A14-A9F3-48804F892208}.Debug|iPhoneSimulator.ActiveCfg = Debug|Any CPU
		{3ABAFD31-8CBE-4A14-A9F3-48804F892208}.Debug|iPhoneSimulator.Build.0 = Debug|Any CPU
		{3ABAFD31-8CBE-4A14-A9F3-48804F892208}.Debug|x64.ActiveCfg = Debug|Any CPU
		{3ABAFD31-8CBE-4A14-A9F3-48804F892208}.Debug|x64.Build.0 = Debug|Any CPU
		{3ABAFD31-8CBE-4A14-A9F3-48804F892208}.Debug|x86.ActiveCfg = Debug|Any CPU
		{3ABAFD31-8CBE-4A14-A9F3-48804F892208}.Debug|x86.Build.0 = Debug|Any CPU
		{3ABAFD31-8CBE-4A14-A9F3-48804F892208}.Release|Any CPU.ActiveCfg = Release|Any CPU
		{3ABAFD31-8CBE-4A14-A9F3-48804F892208}.Release|Any CPU.Build.0 = Release|Any CPU
		{3ABAFD31-8CBE-4A14-A9F3-48804F892208}.Release|ARM.ActiveCfg = Release|Any CPU
		{3ABAFD31-8CBE-4A14-A9F3-48804F892208}.Release|ARM.Build.0 = Release|Any CPU
		{3ABAFD31-8CBE-4A14-A9F3-48804F892208}.Release|iPhone.ActiveCfg = Release|Any CPU
		{3ABAFD31-8CBE-4A14-A9F3-48804F892208}.Release|iPhone.Build.0 = Release|Any CPU
		{3ABAFD31-8CBE-4A14-A9F3-48804F892208}.Release|iPhoneSimulator.ActiveCfg = Release|Any CPU
		{3ABAFD31-8CBE-4A14-A9F3-48804F892208}.Release|iPhoneSimulator.Build.0 = Release|Any CPU
		{3ABAFD31-8CBE-4A14-A9F3-48804F892208}.Release|x64.ActiveCfg = Release|Any CPU
		{3ABAFD31-8CBE-4A14-A9F3-48804F892208}.Release|x64.Build.0 = Release|Any CPU
		{3ABAFD31-8CBE-4A14-A9F3-48804F892208}.Release|x86.ActiveCfg = Release|Any CPU
		{3ABAFD31-8CBE-4A14-A9F3-48804F892208}.Release|x86.Build.0 = Release|Any CPU
		{50F9E099-46B2-4098-9126-6C9D66257EB4}.Ad-Hoc|Any CPU.ActiveCfg = Release|Any CPU
		{50F9E099-46B2-4098-9126-6C9D66257EB4}.Ad-Hoc|Any CPU.Build.0 = Release|Any CPU
		{50F9E099-46B2-4098-9126-6C9D66257EB4}.Ad-Hoc|ARM.ActiveCfg = Release|Any CPU
		{50F9E099-46B2-4098-9126-6C9D66257EB4}.Ad-Hoc|ARM.Build.0 = Release|Any CPU
		{50F9E099-46B2-4098-9126-6C9D66257EB4}.Ad-Hoc|iPhone.ActiveCfg = Release|Any CPU
		{50F9E099-46B2-4098-9126-6C9D66257EB4}.Ad-Hoc|iPhone.Build.0 = Release|Any CPU
		{50F9E099-46B2-4098-9126-6C9D66257EB4}.Ad-Hoc|iPhoneSimulator.ActiveCfg = Release|Any CPU
		{50F9E099-46B2-4098-9126-6C9D66257EB4}.Ad-Hoc|iPhoneSimulator.Build.0 = Release|Any CPU
		{50F9E099-46B2-4098-9126-6C9D66257EB4}.Ad-Hoc|x64.ActiveCfg = Release|Any CPU
		{50F9E099-46B2-4098-9126-6C9D66257EB4}.Ad-Hoc|x64.Build.0 = Release|Any CPU
		{50F9E099-46B2-4098-9126-6C9D66257EB4}.Ad-Hoc|x86.ActiveCfg = Release|Any CPU
		{50F9E099-46B2-4098-9126-6C9D66257EB4}.Ad-Hoc|x86.Build.0 = Release|Any CPU
		{50F9E099-46B2-4098-9126-6C9D66257EB4}.AppStore|Any CPU.ActiveCfg = Release|Any CPU
		{50F9E099-46B2-4098-9126-6C9D66257EB4}.AppStore|Any CPU.Build.0 = Release|Any CPU
		{50F9E099-46B2-4098-9126-6C9D66257EB4}.AppStore|ARM.ActiveCfg = Release|Any CPU
		{50F9E099-46B2-4098-9126-6C9D66257EB4}.AppStore|ARM.Build.0 = Release|Any CPU
		{50F9E099-46B2-4098-9126-6C9D66257EB4}.AppStore|iPhone.ActiveCfg = Release|Any CPU
		{50F9E099-46B2-4098-9126-6C9D66257EB4}.AppStore|iPhone.Build.0 = Release|Any CPU
		{50F9E099-46B2-4098-9126-6C9D66257EB4}.AppStore|iPhoneSimulator.ActiveCfg = Release|Any CPU
		{50F9E099-46B2-4098-9126-6C9D66257EB4}.AppStore|iPhoneSimulator.Build.0 = Release|Any CPU
		{50F9E099-46B2-4098-9126-6C9D66257EB4}.AppStore|x64.ActiveCfg = Release|Any CPU
		{50F9E099-46B2-4098-9126-6C9D66257EB4}.AppStore|x64.Build.0 = Release|Any CPU
		{50F9E099-46B2-4098-9126-6C9D66257EB4}.AppStore|x86.ActiveCfg = Release|Any CPU
		{50F9E099-46B2-4098-9126-6C9D66257EB4}.AppStore|x86.Build.0 = Release|Any CPU
		{50F9E099-46B2-4098-9126-6C9D66257EB4}.Debug|Any CPU.ActiveCfg = Debug|Any CPU
		{50F9E099-46B2-4098-9126-6C9D66257EB4}.Debug|Any CPU.Build.0 = Debug|Any CPU
		{50F9E099-46B2-4098-9126-6C9D66257EB4}.Debug|ARM.ActiveCfg = Debug|Any CPU
		{50F9E099-46B2-4098-9126-6C9D66257EB4}.Debug|ARM.Build.0 = Debug|Any CPU
		{50F9E099-46B2-4098-9126-6C9D66257EB4}.Debug|iPhone.ActiveCfg = Debug|Any CPU
		{50F9E099-46B2-4098-9126-6C9D66257EB4}.Debug|iPhone.Build.0 = Debug|Any CPU
		{50F9E099-46B2-4098-9126-6C9D66257EB4}.Debug|iPhoneSimulator.ActiveCfg = Debug|Any CPU
		{50F9E099-46B2-4098-9126-6C9D66257EB4}.Debug|iPhoneSimulator.Build.0 = Debug|Any CPU
		{50F9E099-46B2-4098-9126-6C9D66257EB4}.Debug|x64.ActiveCfg = Debug|Any CPU
		{50F9E099-46B2-4098-9126-6C9D66257EB4}.Debug|x64.Build.0 = Debug|Any CPU
		{50F9E099-46B2-4098-9126-6C9D66257EB4}.Debug|x86.ActiveCfg = Debug|Any CPU
		{50F9E099-46B2-4098-9126-6C9D66257EB4}.Debug|x86.Build.0 = Debug|Any CPU
		{50F9E099-46B2-4098-9126-6C9D66257EB4}.Release|Any CPU.ActiveCfg = Release|Any CPU
		{50F9E099-46B2-4098-9126-6C9D66257EB4}.Release|Any CPU.Build.0 = Release|Any CPU
		{50F9E099-46B2-4098-9126-6C9D66257EB4}.Release|ARM.ActiveCfg = Release|Any CPU
		{50F9E099-46B2-4098-9126-6C9D66257EB4}.Release|ARM.Build.0 = Release|Any CPU
		{50F9E099-46B2-4098-9126-6C9D66257EB4}.Release|iPhone.ActiveCfg = Release|Any CPU
		{50F9E099-46B2-4098-9126-6C9D66257EB4}.Release|iPhone.Build.0 = Release|Any CPU
		{50F9E099-46B2-4098-9126-6C9D66257EB4}.Release|iPhoneSimulator.ActiveCfg = Release|Any CPU
		{50F9E099-46B2-4098-9126-6C9D66257EB4}.Release|iPhoneSimulator.Build.0 = Release|Any CPU
		{50F9E099-46B2-4098-9126-6C9D66257EB4}.Release|x64.ActiveCfg = Release|Any CPU
		{50F9E099-46B2-4098-9126-6C9D66257EB4}.Release|x64.Build.0 = Release|Any CPU
		{50F9E099-46B2-4098-9126-6C9D66257EB4}.Release|x86.ActiveCfg = Release|Any CPU
		{50F9E099-46B2-4098-9126-6C9D66257EB4}.Release|x86.Build.0 = Release|Any CPU
		{079F24B1-8C2A-426A-95FC-2E9C4D818F81}.Ad-Hoc|Any CPU.ActiveCfg = Release|Any CPU
		{079F24B1-8C2A-426A-95FC-2E9C4D818F81}.Ad-Hoc|Any CPU.Build.0 = Release|Any CPU
		{079F24B1-8C2A-426A-95FC-2E9C4D818F81}.Ad-Hoc|ARM.ActiveCfg = Release|Any CPU
		{079F24B1-8C2A-426A-95FC-2E9C4D818F81}.Ad-Hoc|ARM.Build.0 = Release|Any CPU
		{079F24B1-8C2A-426A-95FC-2E9C4D818F81}.Ad-Hoc|iPhone.ActiveCfg = Release|Any CPU
		{079F24B1-8C2A-426A-95FC-2E9C4D818F81}.Ad-Hoc|iPhone.Build.0 = Release|Any CPU
		{079F24B1-8C2A-426A-95FC-2E9C4D818F81}.Ad-Hoc|iPhoneSimulator.ActiveCfg = Release|Any CPU
		{079F24B1-8C2A-426A-95FC-2E9C4D818F81}.Ad-Hoc|iPhoneSimulator.Build.0 = Release|Any CPU
		{079F24B1-8C2A-426A-95FC-2E9C4D818F81}.Ad-Hoc|x64.ActiveCfg = Release|Any CPU
		{079F24B1-8C2A-426A-95FC-2E9C4D818F81}.Ad-Hoc|x64.Build.0 = Release|Any CPU
		{079F24B1-8C2A-426A-95FC-2E9C4D818F81}.Ad-Hoc|x86.ActiveCfg = Release|Any CPU
		{079F24B1-8C2A-426A-95FC-2E9C4D818F81}.Ad-Hoc|x86.Build.0 = Release|Any CPU
		{079F24B1-8C2A-426A-95FC-2E9C4D818F81}.AppStore|Any CPU.ActiveCfg = Release|Any CPU
		{079F24B1-8C2A-426A-95FC-2E9C4D818F81}.AppStore|Any CPU.Build.0 = Release|Any CPU
		{079F24B1-8C2A-426A-95FC-2E9C4D818F81}.AppStore|ARM.ActiveCfg = Release|Any CPU
		{079F24B1-8C2A-426A-95FC-2E9C4D818F81}.AppStore|ARM.Build.0 = Release|Any CPU
		{079F24B1-8C2A-426A-95FC-2E9C4D818F81}.AppStore|iPhone.ActiveCfg = Release|Any CPU
		{079F24B1-8C2A-426A-95FC-2E9C4D818F81}.AppStore|iPhone.Build.0 = Release|Any CPU
		{079F24B1-8C2A-426A-95FC-2E9C4D818F81}.AppStore|iPhoneSimulator.ActiveCfg = Release|Any CPU
		{079F24B1-8C2A-426A-95FC-2E9C4D818F81}.AppStore|iPhoneSimulator.Build.0 = Release|Any CPU
		{079F24B1-8C2A-426A-95FC-2E9C4D818F81}.AppStore|x64.ActiveCfg = Release|Any CPU
		{079F24B1-8C2A-426A-95FC-2E9C4D818F81}.AppStore|x64.Build.0 = Release|Any CPU
		{079F24B1-8C2A-426A-95FC-2E9C4D818F81}.AppStore|x86.ActiveCfg = Release|Any CPU
		{079F24B1-8C2A-426A-95FC-2E9C4D818F81}.AppStore|x86.Build.0 = Release|Any CPU
		{079F24B1-8C2A-426A-95FC-2E9C4D818F81}.Debug|Any CPU.ActiveCfg = Debug|Any CPU
		{079F24B1-8C2A-426A-95FC-2E9C4D818F81}.Debug|Any CPU.Build.0 = Debug|Any CPU
		{079F24B1-8C2A-426A-95FC-2E9C4D818F81}.Debug|ARM.ActiveCfg = Debug|Any CPU
		{079F24B1-8C2A-426A-95FC-2E9C4D818F81}.Debug|ARM.Build.0 = Debug|Any CPU
		{079F24B1-8C2A-426A-95FC-2E9C4D818F81}.Debug|iPhone.ActiveCfg = Debug|Any CPU
		{079F24B1-8C2A-426A-95FC-2E9C4D818F81}.Debug|iPhone.Build.0 = Debug|Any CPU
		{079F24B1-8C2A-426A-95FC-2E9C4D818F81}.Debug|iPhoneSimulator.ActiveCfg = Debug|Any CPU
		{079F24B1-8C2A-426A-95FC-2E9C4D818F81}.Debug|iPhoneSimulator.Build.0 = Debug|Any CPU
		{079F24B1-8C2A-426A-95FC-2E9C4D818F81}.Debug|x64.ActiveCfg = Debug|Any CPU
		{079F24B1-8C2A-426A-95FC-2E9C4D818F81}.Debug|x64.Build.0 = Debug|Any CPU
		{079F24B1-8C2A-426A-95FC-2E9C4D818F81}.Debug|x86.ActiveCfg = Debug|Any CPU
		{079F24B1-8C2A-426A-95FC-2E9C4D818F81}.Debug|x86.Build.0 = Debug|Any CPU
		{079F24B1-8C2A-426A-95FC-2E9C4D818F81}.Release|Any CPU.ActiveCfg = Release|Any CPU
		{079F24B1-8C2A-426A-95FC-2E9C4D818F81}.Release|Any CPU.Build.0 = Release|Any CPU
		{079F24B1-8C2A-426A-95FC-2E9C4D818F81}.Release|ARM.ActiveCfg = Release|Any CPU
		{079F24B1-8C2A-426A-95FC-2E9C4D818F81}.Release|ARM.Build.0 = Release|Any CPU
		{079F24B1-8C2A-426A-95FC-2E9C4D818F81}.Release|iPhone.ActiveCfg = Release|Any CPU
		{079F24B1-8C2A-426A-95FC-2E9C4D818F81}.Release|iPhone.Build.0 = Release|Any CPU
		{079F24B1-8C2A-426A-95FC-2E9C4D818F81}.Release|iPhoneSimulator.ActiveCfg = Release|Any CPU
		{079F24B1-8C2A-426A-95FC-2E9C4D818F81}.Release|iPhoneSimulator.Build.0 = Release|Any CPU
		{079F24B1-8C2A-426A-95FC-2E9C4D818F81}.Release|x64.ActiveCfg = Release|Any CPU
		{079F24B1-8C2A-426A-95FC-2E9C4D818F81}.Release|x64.Build.0 = Release|Any CPU
		{079F24B1-8C2A-426A-95FC-2E9C4D818F81}.Release|x86.ActiveCfg = Release|Any CPU
		{079F24B1-8C2A-426A-95FC-2E9C4D818F81}.Release|x86.Build.0 = Release|Any CPU
		{A842555D-8061-4832-A60B-81176EF08DED}.Ad-Hoc|Any CPU.ActiveCfg = Release|Any CPU
		{A842555D-8061-4832-A60B-81176EF08DED}.Ad-Hoc|Any CPU.Build.0 = Release|Any CPU
		{A842555D-8061-4832-A60B-81176EF08DED}.Ad-Hoc|ARM.ActiveCfg = Release|Any CPU
		{A842555D-8061-4832-A60B-81176EF08DED}.Ad-Hoc|ARM.Build.0 = Release|Any CPU
		{A842555D-8061-4832-A60B-81176EF08DED}.Ad-Hoc|iPhone.ActiveCfg = Release|Any CPU
		{A842555D-8061-4832-A60B-81176EF08DED}.Ad-Hoc|iPhone.Build.0 = Release|Any CPU
		{A842555D-8061-4832-A60B-81176EF08DED}.Ad-Hoc|iPhoneSimulator.ActiveCfg = Release|Any CPU
		{A842555D-8061-4832-A60B-81176EF08DED}.Ad-Hoc|iPhoneSimulator.Build.0 = Release|Any CPU
		{A842555D-8061-4832-A60B-81176EF08DED}.Ad-Hoc|x64.ActiveCfg = Release|Any CPU
		{A842555D-8061-4832-A60B-81176EF08DED}.Ad-Hoc|x64.Build.0 = Release|Any CPU
		{A842555D-8061-4832-A60B-81176EF08DED}.Ad-Hoc|x86.ActiveCfg = Release|Any CPU
		{A842555D-8061-4832-A60B-81176EF08DED}.Ad-Hoc|x86.Build.0 = Release|Any CPU
		{A842555D-8061-4832-A60B-81176EF08DED}.AppStore|Any CPU.ActiveCfg = Release|Any CPU
		{A842555D-8061-4832-A60B-81176EF08DED}.AppStore|Any CPU.Build.0 = Release|Any CPU
		{A842555D-8061-4832-A60B-81176EF08DED}.AppStore|ARM.ActiveCfg = Release|Any CPU
		{A842555D-8061-4832-A60B-81176EF08DED}.AppStore|ARM.Build.0 = Release|Any CPU
		{A842555D-8061-4832-A60B-81176EF08DED}.AppStore|iPhone.ActiveCfg = Release|Any CPU
		{A842555D-8061-4832-A60B-81176EF08DED}.AppStore|iPhone.Build.0 = Release|Any CPU
		{A842555D-8061-4832-A60B-81176EF08DED}.AppStore|iPhoneSimulator.ActiveCfg = Release|Any CPU
		{A842555D-8061-4832-A60B-81176EF08DED}.AppStore|iPhoneSimulator.Build.0 = Release|Any CPU
		{A842555D-8061-4832-A60B-81176EF08DED}.AppStore|x64.ActiveCfg = Release|Any CPU
		{A842555D-8061-4832-A60B-81176EF08DED}.AppStore|x64.Build.0 = Release|Any CPU
		{A842555D-8061-4832-A60B-81176EF08DED}.AppStore|x86.ActiveCfg = Release|Any CPU
		{A842555D-8061-4832-A60B-81176EF08DED}.AppStore|x86.Build.0 = Release|Any CPU
		{A842555D-8061-4832-A60B-81176EF08DED}.Debug|Any CPU.ActiveCfg = Debug|Any CPU
		{A842555D-8061-4832-A60B-81176EF08DED}.Debug|Any CPU.Build.0 = Debug|Any CPU
		{A842555D-8061-4832-A60B-81176EF08DED}.Debug|ARM.ActiveCfg = Debug|Any CPU
		{A842555D-8061-4832-A60B-81176EF08DED}.Debug|ARM.Build.0 = Debug|Any CPU
		{A842555D-8061-4832-A60B-81176EF08DED}.Debug|iPhone.ActiveCfg = Debug|Any CPU
		{A842555D-8061-4832-A60B-81176EF08DED}.Debug|iPhone.Build.0 = Debug|Any CPU
		{A842555D-8061-4832-A60B-81176EF08DED}.Debug|iPhoneSimulator.ActiveCfg = Debug|Any CPU
		{A842555D-8061-4832-A60B-81176EF08DED}.Debug|iPhoneSimulator.Build.0 = Debug|Any CPU
		{A842555D-8061-4832-A60B-81176EF08DED}.Debug|x64.ActiveCfg = Debug|Any CPU
		{A842555D-8061-4832-A60B-81176EF08DED}.Debug|x64.Build.0 = Debug|Any CPU
		{A842555D-8061-4832-A60B-81176EF08DED}.Debug|x86.ActiveCfg = Debug|Any CPU
		{A842555D-8061-4832-A60B-81176EF08DED}.Debug|x86.Build.0 = Debug|Any CPU
		{A842555D-8061-4832-A60B-81176EF08DED}.Release|Any CPU.ActiveCfg = Release|Any CPU
		{A842555D-8061-4832-A60B-81176EF08DED}.Release|Any CPU.Build.0 = Release|Any CPU
		{A842555D-8061-4832-A60B-81176EF08DED}.Release|ARM.ActiveCfg = Release|Any CPU
		{A842555D-8061-4832-A60B-81176EF08DED}.Release|ARM.Build.0 = Release|Any CPU
		{A842555D-8061-4832-A60B-81176EF08DED}.Release|iPhone.ActiveCfg = Release|Any CPU
		{A842555D-8061-4832-A60B-81176EF08DED}.Release|iPhone.Build.0 = Release|Any CPU
		{A842555D-8061-4832-A60B-81176EF08DED}.Release|iPhoneSimulator.ActiveCfg = Release|Any CPU
		{A842555D-8061-4832-A60B-81176EF08DED}.Release|iPhoneSimulator.Build.0 = Release|Any CPU
		{A842555D-8061-4832-A60B-81176EF08DED}.Release|x64.ActiveCfg = Release|Any CPU
		{A842555D-8061-4832-A60B-81176EF08DED}.Release|x64.Build.0 = Release|Any CPU
		{A842555D-8061-4832-A60B-81176EF08DED}.Release|x86.ActiveCfg = Release|Any CPU
		{A842555D-8061-4832-A60B-81176EF08DED}.Release|x86.Build.0 = Release|Any CPU
		{D7A20DB3-15B0-459A-AA85-6CBD8678B9EB}.Ad-Hoc|Any CPU.ActiveCfg = Release|Any CPU
		{D7A20DB3-15B0-459A-AA85-6CBD8678B9EB}.Ad-Hoc|Any CPU.Build.0 = Release|Any CPU
		{D7A20DB3-15B0-459A-AA85-6CBD8678B9EB}.Ad-Hoc|ARM.ActiveCfg = Release|Any CPU
		{D7A20DB3-15B0-459A-AA85-6CBD8678B9EB}.Ad-Hoc|ARM.Build.0 = Release|Any CPU
		{D7A20DB3-15B0-459A-AA85-6CBD8678B9EB}.Ad-Hoc|iPhone.ActiveCfg = Release|Any CPU
		{D7A20DB3-15B0-459A-AA85-6CBD8678B9EB}.Ad-Hoc|iPhone.Build.0 = Release|Any CPU
		{D7A20DB3-15B0-459A-AA85-6CBD8678B9EB}.Ad-Hoc|iPhoneSimulator.ActiveCfg = Release|Any CPU
		{D7A20DB3-15B0-459A-AA85-6CBD8678B9EB}.Ad-Hoc|iPhoneSimulator.Build.0 = Release|Any CPU
		{D7A20DB3-15B0-459A-AA85-6CBD8678B9EB}.Ad-Hoc|x64.ActiveCfg = Release|Any CPU
		{D7A20DB3-15B0-459A-AA85-6CBD8678B9EB}.Ad-Hoc|x64.Build.0 = Release|Any CPU
		{D7A20DB3-15B0-459A-AA85-6CBD8678B9EB}.Ad-Hoc|x86.ActiveCfg = Release|Any CPU
		{D7A20DB3-15B0-459A-AA85-6CBD8678B9EB}.Ad-Hoc|x86.Build.0 = Release|Any CPU
		{D7A20DB3-15B0-459A-AA85-6CBD8678B9EB}.AppStore|Any CPU.ActiveCfg = Release|Any CPU
		{D7A20DB3-15B0-459A-AA85-6CBD8678B9EB}.AppStore|Any CPU.Build.0 = Release|Any CPU
		{D7A20DB3-15B0-459A-AA85-6CBD8678B9EB}.AppStore|ARM.ActiveCfg = Release|Any CPU
		{D7A20DB3-15B0-459A-AA85-6CBD8678B9EB}.AppStore|ARM.Build.0 = Release|Any CPU
		{D7A20DB3-15B0-459A-AA85-6CBD8678B9EB}.AppStore|iPhone.ActiveCfg = Release|Any CPU
		{D7A20DB3-15B0-459A-AA85-6CBD8678B9EB}.AppStore|iPhone.Build.0 = Release|Any CPU
		{D7A20DB3-15B0-459A-AA85-6CBD8678B9EB}.AppStore|iPhoneSimulator.ActiveCfg = Release|Any CPU
		{D7A20DB3-15B0-459A-AA85-6CBD8678B9EB}.AppStore|iPhoneSimulator.Build.0 = Release|Any CPU
		{D7A20DB3-15B0-459A-AA85-6CBD8678B9EB}.AppStore|x64.ActiveCfg = Release|Any CPU
		{D7A20DB3-15B0-459A-AA85-6CBD8678B9EB}.AppStore|x64.Build.0 = Release|Any CPU
		{D7A20DB3-15B0-459A-AA85-6CBD8678B9EB}.AppStore|x86.ActiveCfg = Release|Any CPU
		{D7A20DB3-15B0-459A-AA85-6CBD8678B9EB}.AppStore|x86.Build.0 = Release|Any CPU
		{D7A20DB3-15B0-459A-AA85-6CBD8678B9EB}.Debug|Any CPU.ActiveCfg = Debug|Any CPU
		{D7A20DB3-15B0-459A-AA85-6CBD8678B9EB}.Debug|Any CPU.Build.0 = Debug|Any CPU
		{D7A20DB3-15B0-459A-AA85-6CBD8678B9EB}.Debug|ARM.ActiveCfg = Debug|Any CPU
		{D7A20DB3-15B0-459A-AA85-6CBD8678B9EB}.Debug|ARM.Build.0 = Debug|Any CPU
		{D7A20DB3-15B0-459A-AA85-6CBD8678B9EB}.Debug|iPhone.ActiveCfg = Debug|Any CPU
		{D7A20DB3-15B0-459A-AA85-6CBD8678B9EB}.Debug|iPhone.Build.0 = Debug|Any CPU
		{D7A20DB3-15B0-459A-AA85-6CBD8678B9EB}.Debug|iPhoneSimulator.ActiveCfg = Debug|Any CPU
		{D7A20DB3-15B0-459A-AA85-6CBD8678B9EB}.Debug|iPhoneSimulator.Build.0 = Debug|Any CPU
		{D7A20DB3-15B0-459A-AA85-6CBD8678B9EB}.Debug|x64.ActiveCfg = Debug|Any CPU
		{D7A20DB3-15B0-459A-AA85-6CBD8678B9EB}.Debug|x64.Build.0 = Debug|Any CPU
		{D7A20DB3-15B0-459A-AA85-6CBD8678B9EB}.Debug|x86.ActiveCfg = Debug|Any CPU
		{D7A20DB3-15B0-459A-AA85-6CBD8678B9EB}.Debug|x86.Build.0 = Debug|Any CPU
		{D7A20DB3-15B0-459A-AA85-6CBD8678B9EB}.Release|Any CPU.ActiveCfg = Release|Any CPU
		{D7A20DB3-15B0-459A-AA85-6CBD8678B9EB}.Release|Any CPU.Build.0 = Release|Any CPU
		{D7A20DB3-15B0-459A-AA85-6CBD8678B9EB}.Release|ARM.ActiveCfg = Release|Any CPU
		{D7A20DB3-15B0-459A-AA85-6CBD8678B9EB}.Release|ARM.Build.0 = Release|Any CPU
		{D7A20DB3-15B0-459A-AA85-6CBD8678B9EB}.Release|iPhone.ActiveCfg = Release|Any CPU
		{D7A20DB3-15B0-459A-AA85-6CBD8678B9EB}.Release|iPhone.Build.0 = Release|Any CPU
		{D7A20DB3-15B0-459A-AA85-6CBD8678B9EB}.Release|iPhoneSimulator.ActiveCfg = Release|Any CPU
		{D7A20DB3-15B0-459A-AA85-6CBD8678B9EB}.Release|iPhoneSimulator.Build.0 = Release|Any CPU
		{D7A20DB3-15B0-459A-AA85-6CBD8678B9EB}.Release|x64.ActiveCfg = Release|Any CPU
		{D7A20DB3-15B0-459A-AA85-6CBD8678B9EB}.Release|x64.Build.0 = Release|Any CPU
		{D7A20DB3-15B0-459A-AA85-6CBD8678B9EB}.Release|x86.ActiveCfg = Release|Any CPU
		{D7A20DB3-15B0-459A-AA85-6CBD8678B9EB}.Release|x86.Build.0 = Release|Any CPU
		{6289A7FD-AE83-46C4-8A58-1F49098F4A91}.Ad-Hoc|Any CPU.ActiveCfg = Release|Any CPU
		{6289A7FD-AE83-46C4-8A58-1F49098F4A91}.Ad-Hoc|Any CPU.Build.0 = Release|Any CPU
		{6289A7FD-AE83-46C4-8A58-1F49098F4A91}.Ad-Hoc|Any CPU.Deploy.0 = Release|Any CPU
		{6289A7FD-AE83-46C4-8A58-1F49098F4A91}.Ad-Hoc|ARM.ActiveCfg = Release|Any CPU
		{6289A7FD-AE83-46C4-8A58-1F49098F4A91}.Ad-Hoc|ARM.Build.0 = Release|Any CPU
		{6289A7FD-AE83-46C4-8A58-1F49098F4A91}.Ad-Hoc|ARM.Deploy.0 = Release|Any CPU
		{6289A7FD-AE83-46C4-8A58-1F49098F4A91}.Ad-Hoc|iPhone.ActiveCfg = Release|Any CPU
		{6289A7FD-AE83-46C4-8A58-1F49098F4A91}.Ad-Hoc|iPhone.Build.0 = Release|Any CPU
		{6289A7FD-AE83-46C4-8A58-1F49098F4A91}.Ad-Hoc|iPhone.Deploy.0 = Release|Any CPU
		{6289A7FD-AE83-46C4-8A58-1F49098F4A91}.Ad-Hoc|iPhoneSimulator.ActiveCfg = Release|Any CPU
		{6289A7FD-AE83-46C4-8A58-1F49098F4A91}.Ad-Hoc|iPhoneSimulator.Build.0 = Release|Any CPU
		{6289A7FD-AE83-46C4-8A58-1F49098F4A91}.Ad-Hoc|iPhoneSimulator.Deploy.0 = Release|Any CPU
		{6289A7FD-AE83-46C4-8A58-1F49098F4A91}.Ad-Hoc|x64.ActiveCfg = Release|Any CPU
		{6289A7FD-AE83-46C4-8A58-1F49098F4A91}.Ad-Hoc|x64.Build.0 = Release|Any CPU
		{6289A7FD-AE83-46C4-8A58-1F49098F4A91}.Ad-Hoc|x64.Deploy.0 = Release|Any CPU
		{6289A7FD-AE83-46C4-8A58-1F49098F4A91}.Ad-Hoc|x86.ActiveCfg = Release|Any CPU
		{6289A7FD-AE83-46C4-8A58-1F49098F4A91}.Ad-Hoc|x86.Build.0 = Release|Any CPU
		{6289A7FD-AE83-46C4-8A58-1F49098F4A91}.Ad-Hoc|x86.Deploy.0 = Release|Any CPU
		{6289A7FD-AE83-46C4-8A58-1F49098F4A91}.AppStore|Any CPU.ActiveCfg = Release|Any CPU
		{6289A7FD-AE83-46C4-8A58-1F49098F4A91}.AppStore|Any CPU.Build.0 = Release|Any CPU
		{6289A7FD-AE83-46C4-8A58-1F49098F4A91}.AppStore|Any CPU.Deploy.0 = Release|Any CPU
		{6289A7FD-AE83-46C4-8A58-1F49098F4A91}.AppStore|ARM.ActiveCfg = Release|Any CPU
		{6289A7FD-AE83-46C4-8A58-1F49098F4A91}.AppStore|ARM.Build.0 = Release|Any CPU
		{6289A7FD-AE83-46C4-8A58-1F49098F4A91}.AppStore|ARM.Deploy.0 = Release|Any CPU
		{6289A7FD-AE83-46C4-8A58-1F49098F4A91}.AppStore|iPhone.ActiveCfg = Release|Any CPU
		{6289A7FD-AE83-46C4-8A58-1F49098F4A91}.AppStore|iPhone.Build.0 = Release|Any CPU
		{6289A7FD-AE83-46C4-8A58-1F49098F4A91}.AppStore|iPhone.Deploy.0 = Release|Any CPU
		{6289A7FD-AE83-46C4-8A58-1F49098F4A91}.AppStore|iPhoneSimulator.ActiveCfg = Release|Any CPU
		{6289A7FD-AE83-46C4-8A58-1F49098F4A91}.AppStore|iPhoneSimulator.Build.0 = Release|Any CPU
		{6289A7FD-AE83-46C4-8A58-1F49098F4A91}.AppStore|iPhoneSimulator.Deploy.0 = Release|Any CPU
		{6289A7FD-AE83-46C4-8A58-1F49098F4A91}.AppStore|x64.ActiveCfg = Release|Any CPU
		{6289A7FD-AE83-46C4-8A58-1F49098F4A91}.AppStore|x64.Build.0 = Release|Any CPU
		{6289A7FD-AE83-46C4-8A58-1F49098F4A91}.AppStore|x64.Deploy.0 = Release|Any CPU
		{6289A7FD-AE83-46C4-8A58-1F49098F4A91}.AppStore|x86.ActiveCfg = Release|Any CPU
		{6289A7FD-AE83-46C4-8A58-1F49098F4A91}.AppStore|x86.Build.0 = Release|Any CPU
		{6289A7FD-AE83-46C4-8A58-1F49098F4A91}.AppStore|x86.Deploy.0 = Release|Any CPU
		{6289A7FD-AE83-46C4-8A58-1F49098F4A91}.Debug|Any CPU.ActiveCfg = Debug|Any CPU
		{6289A7FD-AE83-46C4-8A58-1F49098F4A91}.Debug|Any CPU.Build.0 = Debug|Any CPU
		{6289A7FD-AE83-46C4-8A58-1F49098F4A91}.Debug|Any CPU.Deploy.0 = Debug|Any CPU
		{6289A7FD-AE83-46C4-8A58-1F49098F4A91}.Debug|ARM.ActiveCfg = Debug|Any CPU
		{6289A7FD-AE83-46C4-8A58-1F49098F4A91}.Debug|ARM.Build.0 = Debug|Any CPU
		{6289A7FD-AE83-46C4-8A58-1F49098F4A91}.Debug|ARM.Deploy.0 = Debug|Any CPU
		{6289A7FD-AE83-46C4-8A58-1F49098F4A91}.Debug|iPhone.ActiveCfg = Debug|Any CPU
		{6289A7FD-AE83-46C4-8A58-1F49098F4A91}.Debug|iPhone.Build.0 = Debug|Any CPU
		{6289A7FD-AE83-46C4-8A58-1F49098F4A91}.Debug|iPhone.Deploy.0 = Debug|Any CPU
		{6289A7FD-AE83-46C4-8A58-1F49098F4A91}.Debug|iPhoneSimulator.ActiveCfg = Debug|Any CPU
		{6289A7FD-AE83-46C4-8A58-1F49098F4A91}.Debug|iPhoneSimulator.Build.0 = Debug|Any CPU
		{6289A7FD-AE83-46C4-8A58-1F49098F4A91}.Debug|iPhoneSimulator.Deploy.0 = Debug|Any CPU
		{6289A7FD-AE83-46C4-8A58-1F49098F4A91}.Debug|x64.ActiveCfg = Debug|Any CPU
		{6289A7FD-AE83-46C4-8A58-1F49098F4A91}.Debug|x64.Build.0 = Debug|Any CPU
		{6289A7FD-AE83-46C4-8A58-1F49098F4A91}.Debug|x64.Deploy.0 = Debug|Any CPU
		{6289A7FD-AE83-46C4-8A58-1F49098F4A91}.Debug|x86.ActiveCfg = Debug|Any CPU
		{6289A7FD-AE83-46C4-8A58-1F49098F4A91}.Debug|x86.Build.0 = Debug|Any CPU
		{6289A7FD-AE83-46C4-8A58-1F49098F4A91}.Debug|x86.Deploy.0 = Debug|Any CPU
		{6289A7FD-AE83-46C4-8A58-1F49098F4A91}.Release|Any CPU.ActiveCfg = Release|Any CPU
		{6289A7FD-AE83-46C4-8A58-1F49098F4A91}.Release|Any CPU.Build.0 = Release|Any CPU
		{6289A7FD-AE83-46C4-8A58-1F49098F4A91}.Release|Any CPU.Deploy.0 = Release|Any CPU
		{6289A7FD-AE83-46C4-8A58-1F49098F4A91}.Release|ARM.ActiveCfg = Release|Any CPU
		{6289A7FD-AE83-46C4-8A58-1F49098F4A91}.Release|ARM.Build.0 = Release|Any CPU
		{6289A7FD-AE83-46C4-8A58-1F49098F4A91}.Release|ARM.Deploy.0 = Release|Any CPU
		{6289A7FD-AE83-46C4-8A58-1F49098F4A91}.Release|iPhone.ActiveCfg = Release|Any CPU
		{6289A7FD-AE83-46C4-8A58-1F49098F4A91}.Release|iPhone.Build.0 = Release|Any CPU
		{6289A7FD-AE83-46C4-8A58-1F49098F4A91}.Release|iPhone.Deploy.0 = Release|Any CPU
		{6289A7FD-AE83-46C4-8A58-1F49098F4A91}.Release|iPhoneSimulator.ActiveCfg = Release|Any CPU
		{6289A7FD-AE83-46C4-8A58-1F49098F4A91}.Release|iPhoneSimulator.Build.0 = Release|Any CPU
		{6289A7FD-AE83-46C4-8A58-1F49098F4A91}.Release|iPhoneSimulator.Deploy.0 = Release|Any CPU
		{6289A7FD-AE83-46C4-8A58-1F49098F4A91}.Release|x64.ActiveCfg = Release|Any CPU
		{6289A7FD-AE83-46C4-8A58-1F49098F4A91}.Release|x64.Build.0 = Release|Any CPU
		{6289A7FD-AE83-46C4-8A58-1F49098F4A91}.Release|x64.Deploy.0 = Release|Any CPU
		{6289A7FD-AE83-46C4-8A58-1F49098F4A91}.Release|x86.ActiveCfg = Release|Any CPU
		{6289A7FD-AE83-46C4-8A58-1F49098F4A91}.Release|x86.Build.0 = Release|Any CPU
		{6289A7FD-AE83-46C4-8A58-1F49098F4A91}.Release|x86.Deploy.0 = Release|Any CPU
		{1668E7D9-9FFC-4992-9B65-5259DF491F06}.Ad-Hoc|Any CPU.ActiveCfg = Ad-Hoc|iPhone
		{1668E7D9-9FFC-4992-9B65-5259DF491F06}.Ad-Hoc|ARM.ActiveCfg = Ad-Hoc|iPhone
		{1668E7D9-9FFC-4992-9B65-5259DF491F06}.Ad-Hoc|iPhone.ActiveCfg = Ad-Hoc|iPhone
		{1668E7D9-9FFC-4992-9B65-5259DF491F06}.Ad-Hoc|iPhone.Build.0 = Ad-Hoc|iPhone
		{1668E7D9-9FFC-4992-9B65-5259DF491F06}.Ad-Hoc|iPhoneSimulator.ActiveCfg = Ad-Hoc|iPhoneSimulator
		{1668E7D9-9FFC-4992-9B65-5259DF491F06}.Ad-Hoc|iPhoneSimulator.Build.0 = Ad-Hoc|iPhoneSimulator
		{1668E7D9-9FFC-4992-9B65-5259DF491F06}.Ad-Hoc|x64.ActiveCfg = Ad-Hoc|iPhone
		{1668E7D9-9FFC-4992-9B65-5259DF491F06}.Ad-Hoc|x86.ActiveCfg = Ad-Hoc|iPhone
		{1668E7D9-9FFC-4992-9B65-5259DF491F06}.AppStore|Any CPU.ActiveCfg = AppStore|iPhone
		{1668E7D9-9FFC-4992-9B65-5259DF491F06}.AppStore|ARM.ActiveCfg = AppStore|iPhone
		{1668E7D9-9FFC-4992-9B65-5259DF491F06}.AppStore|iPhone.ActiveCfg = AppStore|iPhone
		{1668E7D9-9FFC-4992-9B65-5259DF491F06}.AppStore|iPhone.Build.0 = AppStore|iPhone
		{1668E7D9-9FFC-4992-9B65-5259DF491F06}.AppStore|iPhoneSimulator.ActiveCfg = AppStore|iPhoneSimulator
		{1668E7D9-9FFC-4992-9B65-5259DF491F06}.AppStore|iPhoneSimulator.Build.0 = AppStore|iPhoneSimulator
		{1668E7D9-9FFC-4992-9B65-5259DF491F06}.AppStore|x64.ActiveCfg = AppStore|iPhone
		{1668E7D9-9FFC-4992-9B65-5259DF491F06}.AppStore|x86.ActiveCfg = AppStore|iPhone
		{1668E7D9-9FFC-4992-9B65-5259DF491F06}.Debug|Any CPU.ActiveCfg = Debug|iPhone
		{1668E7D9-9FFC-4992-9B65-5259DF491F06}.Debug|ARM.ActiveCfg = Debug|iPhone
		{1668E7D9-9FFC-4992-9B65-5259DF491F06}.Debug|iPhone.ActiveCfg = Debug|iPhone
		{1668E7D9-9FFC-4992-9B65-5259DF491F06}.Debug|iPhone.Build.0 = Debug|iPhone
		{1668E7D9-9FFC-4992-9B65-5259DF491F06}.Debug|iPhoneSimulator.ActiveCfg = Debug|iPhoneSimulator
		{1668E7D9-9FFC-4992-9B65-5259DF491F06}.Debug|iPhoneSimulator.Build.0 = Debug|iPhoneSimulator
		{1668E7D9-9FFC-4992-9B65-5259DF491F06}.Debug|x64.ActiveCfg = Debug|iPhone
		{1668E7D9-9FFC-4992-9B65-5259DF491F06}.Debug|x86.ActiveCfg = Debug|iPhone
		{1668E7D9-9FFC-4992-9B65-5259DF491F06}.Release|Any CPU.ActiveCfg = Release|iPhone
		{1668E7D9-9FFC-4992-9B65-5259DF491F06}.Release|ARM.ActiveCfg = Release|iPhone
		{1668E7D9-9FFC-4992-9B65-5259DF491F06}.Release|iPhone.ActiveCfg = Release|iPhone
		{1668E7D9-9FFC-4992-9B65-5259DF491F06}.Release|iPhone.Build.0 = Release|iPhone
		{1668E7D9-9FFC-4992-9B65-5259DF491F06}.Release|iPhoneSimulator.ActiveCfg = Release|iPhoneSimulator
		{1668E7D9-9FFC-4992-9B65-5259DF491F06}.Release|iPhoneSimulator.Build.0 = Release|iPhoneSimulator
		{1668E7D9-9FFC-4992-9B65-5259DF491F06}.Release|x64.ActiveCfg = Release|iPhone
		{1668E7D9-9FFC-4992-9B65-5259DF491F06}.Release|x86.ActiveCfg = Release|iPhone
		{9C1FC2CF-3B6A-47A5-BCD0-B0AE9562578F}.Ad-Hoc|Any CPU.ActiveCfg = Release|x86
		{9C1FC2CF-3B6A-47A5-BCD0-B0AE9562578F}.Ad-Hoc|Any CPU.Build.0 = Release|x86
		{9C1FC2CF-3B6A-47A5-BCD0-B0AE9562578F}.Ad-Hoc|Any CPU.Deploy.0 = Release|x86
		{9C1FC2CF-3B6A-47A5-BCD0-B0AE9562578F}.Ad-Hoc|ARM.ActiveCfg = Release|ARM
		{9C1FC2CF-3B6A-47A5-BCD0-B0AE9562578F}.Ad-Hoc|ARM.Build.0 = Release|ARM
		{9C1FC2CF-3B6A-47A5-BCD0-B0AE9562578F}.Ad-Hoc|ARM.Deploy.0 = Release|ARM
		{9C1FC2CF-3B6A-47A5-BCD0-B0AE9562578F}.Ad-Hoc|iPhone.ActiveCfg = Release|x86
		{9C1FC2CF-3B6A-47A5-BCD0-B0AE9562578F}.Ad-Hoc|iPhone.Build.0 = Release|x86
		{9C1FC2CF-3B6A-47A5-BCD0-B0AE9562578F}.Ad-Hoc|iPhone.Deploy.0 = Release|x86
		{9C1FC2CF-3B6A-47A5-BCD0-B0AE9562578F}.Ad-Hoc|iPhoneSimulator.ActiveCfg = Release|x86
		{9C1FC2CF-3B6A-47A5-BCD0-B0AE9562578F}.Ad-Hoc|iPhoneSimulator.Build.0 = Release|x86
		{9C1FC2CF-3B6A-47A5-BCD0-B0AE9562578F}.Ad-Hoc|iPhoneSimulator.Deploy.0 = Release|x86
		{9C1FC2CF-3B6A-47A5-BCD0-B0AE9562578F}.Ad-Hoc|x64.ActiveCfg = Release|x64
		{9C1FC2CF-3B6A-47A5-BCD0-B0AE9562578F}.Ad-Hoc|x64.Build.0 = Release|x64
		{9C1FC2CF-3B6A-47A5-BCD0-B0AE9562578F}.Ad-Hoc|x64.Deploy.0 = Release|x64
		{9C1FC2CF-3B6A-47A5-BCD0-B0AE9562578F}.Ad-Hoc|x86.ActiveCfg = Release|x86
		{9C1FC2CF-3B6A-47A5-BCD0-B0AE9562578F}.Ad-Hoc|x86.Build.0 = Release|x86
		{9C1FC2CF-3B6A-47A5-BCD0-B0AE9562578F}.Ad-Hoc|x86.Deploy.0 = Release|x86
		{9C1FC2CF-3B6A-47A5-BCD0-B0AE9562578F}.AppStore|Any CPU.ActiveCfg = Release|x86
		{9C1FC2CF-3B6A-47A5-BCD0-B0AE9562578F}.AppStore|Any CPU.Build.0 = Release|x86
		{9C1FC2CF-3B6A-47A5-BCD0-B0AE9562578F}.AppStore|Any CPU.Deploy.0 = Release|x86
		{9C1FC2CF-3B6A-47A5-BCD0-B0AE9562578F}.AppStore|ARM.ActiveCfg = Release|ARM
		{9C1FC2CF-3B6A-47A5-BCD0-B0AE9562578F}.AppStore|ARM.Build.0 = Release|ARM
		{9C1FC2CF-3B6A-47A5-BCD0-B0AE9562578F}.AppStore|ARM.Deploy.0 = Release|ARM
		{9C1FC2CF-3B6A-47A5-BCD0-B0AE9562578F}.AppStore|iPhone.ActiveCfg = Release|x86
		{9C1FC2CF-3B6A-47A5-BCD0-B0AE9562578F}.AppStore|iPhone.Build.0 = Release|x86
		{9C1FC2CF-3B6A-47A5-BCD0-B0AE9562578F}.AppStore|iPhone.Deploy.0 = Release|x86
		{9C1FC2CF-3B6A-47A5-BCD0-B0AE9562578F}.AppStore|iPhoneSimulator.ActiveCfg = Release|x86
		{9C1FC2CF-3B6A-47A5-BCD0-B0AE9562578F}.AppStore|iPhoneSimulator.Build.0 = Release|x86
		{9C1FC2CF-3B6A-47A5-BCD0-B0AE9562578F}.AppStore|iPhoneSimulator.Deploy.0 = Release|x86
		{9C1FC2CF-3B6A-47A5-BCD0-B0AE9562578F}.AppStore|x64.ActiveCfg = Release|x64
		{9C1FC2CF-3B6A-47A5-BCD0-B0AE9562578F}.AppStore|x64.Build.0 = Release|x64
		{9C1FC2CF-3B6A-47A5-BCD0-B0AE9562578F}.AppStore|x64.Deploy.0 = Release|x64
		{9C1FC2CF-3B6A-47A5-BCD0-B0AE9562578F}.AppStore|x86.ActiveCfg = Release|x86
		{9C1FC2CF-3B6A-47A5-BCD0-B0AE9562578F}.AppStore|x86.Build.0 = Release|x86
		{9C1FC2CF-3B6A-47A5-BCD0-B0AE9562578F}.AppStore|x86.Deploy.0 = Release|x86
		{9C1FC2CF-3B6A-47A5-BCD0-B0AE9562578F}.Debug|Any CPU.ActiveCfg = Debug|x86
		{9C1FC2CF-3B6A-47A5-BCD0-B0AE9562578F}.Debug|ARM.ActiveCfg = Debug|ARM
		{9C1FC2CF-3B6A-47A5-BCD0-B0AE9562578F}.Debug|ARM.Build.0 = Debug|ARM
		{9C1FC2CF-3B6A-47A5-BCD0-B0AE9562578F}.Debug|ARM.Deploy.0 = Debug|ARM
		{9C1FC2CF-3B6A-47A5-BCD0-B0AE9562578F}.Debug|iPhone.ActiveCfg = Debug|x86
		{9C1FC2CF-3B6A-47A5-BCD0-B0AE9562578F}.Debug|iPhoneSimulator.ActiveCfg = Debug|x86
		{9C1FC2CF-3B6A-47A5-BCD0-B0AE9562578F}.Debug|x64.ActiveCfg = Debug|x64
		{9C1FC2CF-3B6A-47A5-BCD0-B0AE9562578F}.Debug|x64.Build.0 = Debug|x64
		{9C1FC2CF-3B6A-47A5-BCD0-B0AE9562578F}.Debug|x64.Deploy.0 = Debug|x64
		{9C1FC2CF-3B6A-47A5-BCD0-B0AE9562578F}.Debug|x86.ActiveCfg = Debug|x86
		{9C1FC2CF-3B6A-47A5-BCD0-B0AE9562578F}.Debug|x86.Build.0 = Debug|x86
		{9C1FC2CF-3B6A-47A5-BCD0-B0AE9562578F}.Debug|x86.Deploy.0 = Debug|x86
		{9C1FC2CF-3B6A-47A5-BCD0-B0AE9562578F}.Release|Any CPU.ActiveCfg = Release|x86
		{9C1FC2CF-3B6A-47A5-BCD0-B0AE9562578F}.Release|ARM.ActiveCfg = Release|ARM
		{9C1FC2CF-3B6A-47A5-BCD0-B0AE9562578F}.Release|ARM.Build.0 = Release|ARM
		{9C1FC2CF-3B6A-47A5-BCD0-B0AE9562578F}.Release|ARM.Deploy.0 = Release|ARM
		{9C1FC2CF-3B6A-47A5-BCD0-B0AE9562578F}.Release|iPhone.ActiveCfg = Release|x86
		{9C1FC2CF-3B6A-47A5-BCD0-B0AE9562578F}.Release|iPhoneSimulator.ActiveCfg = Release|x86
		{9C1FC2CF-3B6A-47A5-BCD0-B0AE9562578F}.Release|x64.ActiveCfg = Release|x64
		{9C1FC2CF-3B6A-47A5-BCD0-B0AE9562578F}.Release|x64.Build.0 = Release|x64
		{9C1FC2CF-3B6A-47A5-BCD0-B0AE9562578F}.Release|x64.Deploy.0 = Release|x64
		{9C1FC2CF-3B6A-47A5-BCD0-B0AE9562578F}.Release|x86.ActiveCfg = Release|x86
		{9C1FC2CF-3B6A-47A5-BCD0-B0AE9562578F}.Release|x86.Build.0 = Release|x86
		{9C1FC2CF-3B6A-47A5-BCD0-B0AE9562578F}.Release|x86.Deploy.0 = Release|x86
		{C15FEC96-D9B9-403C-9926-68A899C778B2}.Ad-Hoc|Any CPU.ActiveCfg = Debug|Any CPU
		{C15FEC96-D9B9-403C-9926-68A899C778B2}.Ad-Hoc|Any CPU.Build.0 = Debug|Any CPU
		{C15FEC96-D9B9-403C-9926-68A899C778B2}.Ad-Hoc|ARM.ActiveCfg = Debug|Any CPU
		{C15FEC96-D9B9-403C-9926-68A899C778B2}.Ad-Hoc|ARM.Build.0 = Debug|Any CPU
		{C15FEC96-D9B9-403C-9926-68A899C778B2}.Ad-Hoc|iPhone.ActiveCfg = Debug|Any CPU
		{C15FEC96-D9B9-403C-9926-68A899C778B2}.Ad-Hoc|iPhone.Build.0 = Debug|Any CPU
		{C15FEC96-D9B9-403C-9926-68A899C778B2}.Ad-Hoc|iPhoneSimulator.ActiveCfg = Debug|Any CPU
		{C15FEC96-D9B9-403C-9926-68A899C778B2}.Ad-Hoc|iPhoneSimulator.Build.0 = Debug|Any CPU
		{C15FEC96-D9B9-403C-9926-68A899C778B2}.Ad-Hoc|x64.ActiveCfg = Debug|Any CPU
		{C15FEC96-D9B9-403C-9926-68A899C778B2}.Ad-Hoc|x64.Build.0 = Debug|Any CPU
		{C15FEC96-D9B9-403C-9926-68A899C778B2}.Ad-Hoc|x86.ActiveCfg = Debug|Any CPU
		{C15FEC96-D9B9-403C-9926-68A899C778B2}.Ad-Hoc|x86.Build.0 = Debug|Any CPU
		{C15FEC96-D9B9-403C-9926-68A899C778B2}.AppStore|Any CPU.ActiveCfg = Debug|Any CPU
		{C15FEC96-D9B9-403C-9926-68A899C778B2}.AppStore|Any CPU.Build.0 = Debug|Any CPU
		{C15FEC96-D9B9-403C-9926-68A899C778B2}.AppStore|ARM.ActiveCfg = Debug|Any CPU
		{C15FEC96-D9B9-403C-9926-68A899C778B2}.AppStore|ARM.Build.0 = Debug|Any CPU
		{C15FEC96-D9B9-403C-9926-68A899C778B2}.AppStore|iPhone.ActiveCfg = Debug|Any CPU
		{C15FEC96-D9B9-403C-9926-68A899C778B2}.AppStore|iPhone.Build.0 = Debug|Any CPU
		{C15FEC96-D9B9-403C-9926-68A899C778B2}.AppStore|iPhoneSimulator.ActiveCfg = Debug|Any CPU
		{C15FEC96-D9B9-403C-9926-68A899C778B2}.AppStore|iPhoneSimulator.Build.0 = Debug|Any CPU
		{C15FEC96-D9B9-403C-9926-68A899C778B2}.AppStore|x64.ActiveCfg = Debug|Any CPU
		{C15FEC96-D9B9-403C-9926-68A899C778B2}.AppStore|x64.Build.0 = Debug|Any CPU
		{C15FEC96-D9B9-403C-9926-68A899C778B2}.AppStore|x86.ActiveCfg = Debug|Any CPU
		{C15FEC96-D9B9-403C-9926-68A899C778B2}.AppStore|x86.Build.0 = Debug|Any CPU
		{C15FEC96-D9B9-403C-9926-68A899C778B2}.Debug|Any CPU.ActiveCfg = Debug|Any CPU
		{C15FEC96-D9B9-403C-9926-68A899C778B2}.Debug|Any CPU.Build.0 = Debug|Any CPU
		{C15FEC96-D9B9-403C-9926-68A899C778B2}.Debug|ARM.ActiveCfg = Debug|Any CPU
		{C15FEC96-D9B9-403C-9926-68A899C778B2}.Debug|ARM.Build.0 = Debug|Any CPU
		{C15FEC96-D9B9-403C-9926-68A899C778B2}.Debug|iPhone.ActiveCfg = Debug|Any CPU
		{C15FEC96-D9B9-403C-9926-68A899C778B2}.Debug|iPhone.Build.0 = Debug|Any CPU
		{C15FEC96-D9B9-403C-9926-68A899C778B2}.Debug|iPhoneSimulator.ActiveCfg = Debug|Any CPU
		{C15FEC96-D9B9-403C-9926-68A899C778B2}.Debug|iPhoneSimulator.Build.0 = Debug|Any CPU
		{C15FEC96-D9B9-403C-9926-68A899C778B2}.Debug|x64.ActiveCfg = Debug|Any CPU
		{C15FEC96-D9B9-403C-9926-68A899C778B2}.Debug|x64.Build.0 = Debug|Any CPU
		{C15FEC96-D9B9-403C-9926-68A899C778B2}.Debug|x86.ActiveCfg = Debug|Any CPU
		{C15FEC96-D9B9-403C-9926-68A899C778B2}.Debug|x86.Build.0 = Debug|Any CPU
		{C15FEC96-D9B9-403C-9926-68A899C778B2}.Release|Any CPU.ActiveCfg = Release|Any CPU
		{C15FEC96-D9B9-403C-9926-68A899C778B2}.Release|Any CPU.Build.0 = Release|Any CPU
		{C15FEC96-D9B9-403C-9926-68A899C778B2}.Release|ARM.ActiveCfg = Release|Any CPU
		{C15FEC96-D9B9-403C-9926-68A899C778B2}.Release|ARM.Build.0 = Release|Any CPU
		{C15FEC96-D9B9-403C-9926-68A899C778B2}.Release|iPhone.ActiveCfg = Release|Any CPU
		{C15FEC96-D9B9-403C-9926-68A899C778B2}.Release|iPhone.Build.0 = Release|Any CPU
		{C15FEC96-D9B9-403C-9926-68A899C778B2}.Release|iPhoneSimulator.ActiveCfg = Release|Any CPU
		{C15FEC96-D9B9-403C-9926-68A899C778B2}.Release|iPhoneSimulator.Build.0 = Release|Any CPU
		{C15FEC96-D9B9-403C-9926-68A899C778B2}.Release|x64.ActiveCfg = Release|Any CPU
		{C15FEC96-D9B9-403C-9926-68A899C778B2}.Release|x64.Build.0 = Release|Any CPU
		{C15FEC96-D9B9-403C-9926-68A899C778B2}.Release|x86.ActiveCfg = Release|Any CPU
		{C15FEC96-D9B9-403C-9926-68A899C778B2}.Release|x86.Build.0 = Release|Any CPU
	EndGlobalSection
	GlobalSection(SolutionProperties) = preSolution
		HideSolutionNode = FALSE
	EndGlobalSection
	GlobalSection(NestedProjects) = preSolution
		{48AF64B1-255D-4665-B76C-48E62B189605} = {7DF7F0D1-776E-463C-99AE-74619942604A}
		{90DF2F40-B2F1-4CEF-9D99-BD33B6CA9EDC} = {7DF7F0D1-776E-463C-99AE-74619942604A}
		{896D8AAA-8260-4CB5-A10A-DB81CFF3C751} = {7DF7F0D1-776E-463C-99AE-74619942604A}
		{0F0ED43A-3A35-4A63-BFB2-37ABB6C456A2} = {7DF7F0D1-776E-463C-99AE-74619942604A}
		{7A558887-828F-4485-BAE2-5E4856163376} = {7D43D87E-B20D-4599-8540-B7BE3DD30F7C}
		{BC1F1AFF-E4EB-4565-96AF-0BF53414C840} = {EE14D332-457C-4036-9959-AB8454326AF2}
		{3ABAFD31-8CBE-4A14-A9F3-48804F892208} = {7DF7F0D1-776E-463C-99AE-74619942604A}
		{50F9E099-46B2-4098-9126-6C9D66257EB4} = {EE14D332-457C-4036-9959-AB8454326AF2}
		{079F24B1-8C2A-426A-95FC-2E9C4D818F81} = {3EEE9163-898C-47F7-ADDF-4424253C9B33}
		{A842555D-8061-4832-A60B-81176EF08DED} = {3EEE9163-898C-47F7-ADDF-4424253C9B33}
		{D7A20DB3-15B0-459A-AA85-6CBD8678B9EB} = {3EEE9163-898C-47F7-ADDF-4424253C9B33}
		{58CADD58-9181-462B-85D4-DBAE11D8D63A} = {14B6317B-EC96-486F-8409-2CF7770C8DFF}
		{6322056C-BF7D-4683-8CB4-2BD38BDA9C82} = {14B6317B-EC96-486F-8409-2CF7770C8DFF}
		{6289A7FD-AE83-46C4-8A58-1F49098F4A91} = {6322056C-BF7D-4683-8CB4-2BD38BDA9C82}
		{1668E7D9-9FFC-4992-9B65-5259DF491F06} = {6322056C-BF7D-4683-8CB4-2BD38BDA9C82}
		{9C1FC2CF-3B6A-47A5-BCD0-B0AE9562578F} = {6322056C-BF7D-4683-8CB4-2BD38BDA9C82}
		{C15FEC96-D9B9-403C-9926-68A899C778B2} = {6322056C-BF7D-4683-8CB4-2BD38BDA9C82}
	EndGlobalSection
	GlobalSection(ExtensibilityGlobals) = postSolution
		SolutionGuid = {E022CB96-7FC2-4E59-9FD5-73532FC4751F}
	EndGlobalSection
EndGlobal
